// !$*UTF8*$!
{
	archiveVersion = 1;
	classes = {
	};
	objectVersion = 55;
	objects = {

/* Begin PBXBuildFile section */
		8E109A8A283BA5A400F17699 /* ScheduleView.swift in Sources */ = {isa = PBXBuildFile; fileRef = 8E109A89283BA5A400F17699 /* ScheduleView.swift */; };
		8E109A8B283BA5A400F17699 /* ScheduleView.swift in Sources */ = {isa = PBXBuildFile; fileRef = 8E109A89283BA5A400F17699 /* ScheduleView.swift */; };
		8E109A8E283BD1DE00F17699 /* Adhan in Frameworks */ = {isa = PBXBuildFile; productRef = 8E109A8D283BD1DE00F17699 /* Adhan */; };
		8E109A91283BD1FF00F17699 /* Adhan in Frameworks */ = {isa = PBXBuildFile; productRef = 8E109A90283BD1FF00F17699 /* Adhan */; };
		8E5ECC5D284B511700E9B369 /* Tests_RelativeEvent.swift in Sources */ = {isa = PBXBuildFile; fileRef = 8E5ECC5C284B511700E9B369 /* Tests_RelativeEvent.swift */; };
		8E6E98E12842053D004A2331 /* EventView.swift in Sources */ = {isa = PBXBuildFile; fileRef = 8E6E98E02842053D004A2331 /* EventView.swift */; };
		8E6E98E22842053D004A2331 /* EventView.swift in Sources */ = {isa = PBXBuildFile; fileRef = 8E6E98E02842053D004A2331 /* EventView.swift */; };
		8E7CA019284A73F600C98B01 /* RelativeEvent+PrayerTimes.swift in Sources */ = {isa = PBXBuildFile; fileRef = 8E7CA018284A73F600C98B01 /* RelativeEvent+PrayerTimes.swift */; };
		8E7CA01A284A73F600C98B01 /* RelativeEvent+PrayerTimes.swift in Sources */ = {isa = PBXBuildFile; fileRef = 8E7CA018284A73F600C98B01 /* RelativeEvent+PrayerTimes.swift */; };
		8E7CA01C284A8CFB00C98B01 /* RelativeEvent+ViewModel.swift in Sources */ = {isa = PBXBuildFile; fileRef = 8E7CA01B284A8CFB00C98B01 /* RelativeEvent+ViewModel.swift */; };
		8E7CA01D284A8CFB00C98B01 /* RelativeEvent+ViewModel.swift in Sources */ = {isa = PBXBuildFile; fileRef = 8E7CA01B284A8CFB00C98B01 /* RelativeEvent+ViewModel.swift */; };
		8E84D03428539AE70011EAF3 /* EditEvent+ViewModel.swift in Sources */ = {isa = PBXBuildFile; fileRef = 8E84D03328539AE70011EAF3 /* EditEvent+ViewModel.swift */; };
		8E84D03528539AE70011EAF3 /* EditEvent+ViewModel.swift in Sources */ = {isa = PBXBuildFile; fileRef = 8E84D03328539AE70011EAF3 /* EditEvent+ViewModel.swift */; };
		8E84D03728539B9E0011EAF3 /* EditEvent+View.swift in Sources */ = {isa = PBXBuildFile; fileRef = 8E84D03628539B9E0011EAF3 /* EditEvent+View.swift */; };
		8E84D03828539B9E0011EAF3 /* EditEvent+View.swift in Sources */ = {isa = PBXBuildFile; fileRef = 8E84D03628539B9E0011EAF3 /* EditEvent+View.swift */; };
		8E881822283926F8004AA721 /* Tests_iOS.swift in Sources */ = {isa = PBXBuildFile; fileRef = 8E881821283926F8004AA721 /* Tests_iOS.swift */; };
		8E881824283926F8004AA721 /* Tests_iOSLaunchTests.swift in Sources */ = {isa = PBXBuildFile; fileRef = 8E881823283926F8004AA721 /* Tests_iOSLaunchTests.swift */; };
		8E88182E283926F8004AA721 /* Tests_macOS.swift in Sources */ = {isa = PBXBuildFile; fileRef = 8E88182D283926F8004AA721 /* Tests_macOS.swift */; };
		8E881830283926F8004AA721 /* Tests_macOSLaunchTests.swift in Sources */ = {isa = PBXBuildFile; fileRef = 8E88182F283926F8004AA721 /* Tests_macOSLaunchTests.swift */; };
		8E881831283926F8004AA721 /* MuslimCalender.xcdatamodeld in Sources */ = {isa = PBXBuildFile; fileRef = 8E881806283926F8004AA721 /* MuslimCalender.xcdatamodeld */; };
		8E881832283926F8004AA721 /* MuslimCalender.xcdatamodeld in Sources */ = {isa = PBXBuildFile; fileRef = 8E881806283926F8004AA721 /* MuslimCalender.xcdatamodeld */; };
		8E881833283926F8004AA721 /* MuslimCalenderApp.swift in Sources */ = {isa = PBXBuildFile; fileRef = 8E881808283926F8004AA721 /* MuslimCalenderApp.swift */; };
		8E881834283926F8004AA721 /* MuslimCalenderApp.swift in Sources */ = {isa = PBXBuildFile; fileRef = 8E881808283926F8004AA721 /* MuslimCalenderApp.swift */; };
		8E881837283926F8004AA721 /* Persistence.swift in Sources */ = {isa = PBXBuildFile; fileRef = 8E88180A283926F8004AA721 /* Persistence.swift */; };
		8E881838283926F8004AA721 /* Persistence.swift in Sources */ = {isa = PBXBuildFile; fileRef = 8E88180A283926F8004AA721 /* Persistence.swift */; };
		8E881839283926F8004AA721 /* Assets.xcassets in Resources */ = {isa = PBXBuildFile; fileRef = 8E88180B283926F8004AA721 /* Assets.xcassets */; };
		8E88183A283926F8004AA721 /* Assets.xcassets in Resources */ = {isa = PBXBuildFile; fileRef = 8E88180B283926F8004AA721 /* Assets.xcassets */; };
		8E88184D283955CD004AA721 /* PrayerTimes.swift in Sources */ = {isa = PBXBuildFile; fileRef = 8E88184C283955CC004AA721 /* PrayerTimes.swift */; };
		8E88184E283955CD004AA721 /* PrayerTimes.swift in Sources */ = {isa = PBXBuildFile; fileRef = 8E88184C283955CC004AA721 /* PrayerTimes.swift */; };
		8E881851283964E7004AA721 /* Adhan in Frameworks */ = {isa = PBXBuildFile; productRef = 8E881850283964E7004AA721 /* Adhan */; };
/* End PBXBuildFile section */

/* Begin PBXContainerItemProxy section */
		8E5ECC5E284B511700E9B369 /* PBXContainerItemProxy */ = {
			isa = PBXContainerItemProxy;
			containerPortal = 8E881801283926F7004AA721 /* Project object */;
			proxyType = 1;
			remoteGlobalIDString = 8E88180F283926F8004AA721;
			remoteInfo = "MuslimCalender (iOS)";
		};
		8E88181E283926F8004AA721 /* PBXContainerItemProxy */ = {
			isa = PBXContainerItemProxy;
			containerPortal = 8E881801283926F7004AA721 /* Project object */;
			proxyType = 1;
			remoteGlobalIDString = 8E88180F283926F8004AA721;
			remoteInfo = "MuslimCalender (iOS)";
		};
		8E88182A283926F8004AA721 /* PBXContainerItemProxy */ = {
			isa = PBXContainerItemProxy;
			containerPortal = 8E881801283926F7004AA721 /* Project object */;
			proxyType = 1;
			remoteGlobalIDString = 8E881815283926F8004AA721;
			remoteInfo = "MuslimCalender (macOS)";
		};
/* End PBXContainerItemProxy section */

/* Begin PBXFileReference section */
		8E109A89283BA5A400F17699 /* ScheduleView.swift */ = {isa = PBXFileReference; lastKnownFileType = sourcecode.swift; path = ScheduleView.swift; sourceTree = "<group>"; };
		8E5ECC5A284B511700E9B369 /* Tests Shared.xctest */ = {isa = PBXFileReference; explicitFileType = wrapper.cfbundle; includeInIndex = 0; path = "Tests Shared.xctest"; sourceTree = BUILT_PRODUCTS_DIR; };
		8E5ECC5C284B511700E9B369 /* Tests_RelativeEvent.swift */ = {isa = PBXFileReference; lastKnownFileType = sourcecode.swift; path = Tests_RelativeEvent.swift; sourceTree = "<group>"; };
		8E6E98E02842053D004A2331 /* EventView.swift */ = {isa = PBXFileReference; lastKnownFileType = sourcecode.swift; path = EventView.swift; sourceTree = "<group>"; };
		8E7CA018284A73F600C98B01 /* RelativeEvent+PrayerTimes.swift */ = {isa = PBXFileReference; lastKnownFileType = sourcecode.swift; path = "RelativeEvent+PrayerTimes.swift"; sourceTree = "<group>"; };
		8E7CA01B284A8CFB00C98B01 /* RelativeEvent+ViewModel.swift */ = {isa = PBXFileReference; lastKnownFileType = sourcecode.swift; path = "RelativeEvent+ViewModel.swift"; sourceTree = "<group>"; };
		8E84D03328539AE70011EAF3 /* EditEvent+ViewModel.swift */ = {isa = PBXFileReference; lastKnownFileType = sourcecode.swift; path = "EditEvent+ViewModel.swift"; sourceTree = "<group>"; };
		8E84D03628539B9E0011EAF3 /* EditEvent+View.swift */ = {isa = PBXFileReference; lastKnownFileType = sourcecode.swift; path = "EditEvent+View.swift"; sourceTree = "<group>"; };
		8E881807283926F8004AA721 /* Shared.xcdatamodel */ = {isa = PBXFileReference; lastKnownFileType = wrapper.xcdatamodel; path = Shared.xcdatamodel; sourceTree = "<group>"; };
		8E881808283926F8004AA721 /* MuslimCalenderApp.swift */ = {isa = PBXFileReference; lastKnownFileType = sourcecode.swift; path = MuslimCalenderApp.swift; sourceTree = "<group>"; };
		8E88180A283926F8004AA721 /* Persistence.swift */ = {isa = PBXFileReference; lastKnownFileType = sourcecode.swift; path = Persistence.swift; sourceTree = "<group>"; };
		8E88180B283926F8004AA721 /* Assets.xcassets */ = {isa = PBXFileReference; lastKnownFileType = folder.assetcatalog; path = Assets.xcassets; sourceTree = "<group>"; };
		8E881810283926F8004AA721 /* MuslimCalender.app */ = {isa = PBXFileReference; explicitFileType = wrapper.application; includeInIndex = 0; path = MuslimCalender.app; sourceTree = BUILT_PRODUCTS_DIR; };
		8E881816283926F8004AA721 /* MuslimCalender.app */ = {isa = PBXFileReference; explicitFileType = wrapper.application; includeInIndex = 0; path = MuslimCalender.app; sourceTree = BUILT_PRODUCTS_DIR; };
		8E881818283926F8004AA721 /* macOS.entitlements */ = {isa = PBXFileReference; lastKnownFileType = text.plist.entitlements; path = macOS.entitlements; sourceTree = "<group>"; };
		8E88181D283926F8004AA721 /* Tests iOS.xctest */ = {isa = PBXFileReference; explicitFileType = wrapper.cfbundle; includeInIndex = 0; path = "Tests iOS.xctest"; sourceTree = BUILT_PRODUCTS_DIR; };
		8E881821283926F8004AA721 /* Tests_iOS.swift */ = {isa = PBXFileReference; lastKnownFileType = sourcecode.swift; path = Tests_iOS.swift; sourceTree = "<group>"; };
		8E881823283926F8004AA721 /* Tests_iOSLaunchTests.swift */ = {isa = PBXFileReference; lastKnownFileType = sourcecode.swift; path = Tests_iOSLaunchTests.swift; sourceTree = "<group>"; };
		8E881829283926F8004AA721 /* Tests macOS.xctest */ = {isa = PBXFileReference; explicitFileType = wrapper.cfbundle; includeInIndex = 0; path = "Tests macOS.xctest"; sourceTree = BUILT_PRODUCTS_DIR; };
		8E88182D283926F8004AA721 /* Tests_macOS.swift */ = {isa = PBXFileReference; lastKnownFileType = sourcecode.swift; path = Tests_macOS.swift; sourceTree = "<group>"; };
		8E88182F283926F8004AA721 /* Tests_macOSLaunchTests.swift */ = {isa = PBXFileReference; lastKnownFileType = sourcecode.swift; path = Tests_macOSLaunchTests.swift; sourceTree = "<group>"; };
		8E88184C283955CC004AA721 /* PrayerTimes.swift */ = {isa = PBXFileReference; lastKnownFileType = sourcecode.swift; path = PrayerTimes.swift; sourceTree = "<group>"; };
/* End PBXFileReference section */

/* Begin PBXFrameworksBuildPhase section */
		8E5ECC57284B511700E9B369 /* Frameworks */ = {
			isa = PBXFrameworksBuildPhase;
			buildActionMask = 2147483647;
			files = (
			);
			runOnlyForDeploymentPostprocessing = 0;
		};
		8E88180D283926F8004AA721 /* Frameworks */ = {
			isa = PBXFrameworksBuildPhase;
			buildActionMask = 2147483647;
			files = (
				8E881851283964E7004AA721 /* Adhan in Frameworks */,
				8E109A8E283BD1DE00F17699 /* Adhan in Frameworks */,
			);
			runOnlyForDeploymentPostprocessing = 0;
		};
		8E881813283926F8004AA721 /* Frameworks */ = {
			isa = PBXFrameworksBuildPhase;
			buildActionMask = 2147483647;
			files = (
				8E109A91283BD1FF00F17699 /* Adhan in Frameworks */,
			);
			runOnlyForDeploymentPostprocessing = 0;
		};
		8E88181A283926F8004AA721 /* Frameworks */ = {
			isa = PBXFrameworksBuildPhase;
			buildActionMask = 2147483647;
			files = (
			);
			runOnlyForDeploymentPostprocessing = 0;
		};
		8E881826283926F8004AA721 /* Frameworks */ = {
			isa = PBXFrameworksBuildPhase;
			buildActionMask = 2147483647;
			files = (
			);
			runOnlyForDeploymentPostprocessing = 0;
		};
/* End PBXFrameworksBuildPhase section */

/* Begin PBXGroup section */
		8E5ECC5B284B511700E9B369 /* Tests Shared */ = {
			isa = PBXGroup;
			children = (
				8E5ECC5C284B511700E9B369 /* Tests_RelativeEvent.swift */,
			);
			path = "Tests Shared";
			sourceTree = "<group>";
		};
		8E881800283926F7004AA721 = {
			isa = PBXGroup;
			children = (
				8E881805283926F8004AA721 /* Shared */,
				8E881817283926F8004AA721 /* macOS */,
				8E881820283926F8004AA721 /* Tests iOS */,
				8E88182C283926F8004AA721 /* Tests macOS */,
				8E5ECC5B284B511700E9B369 /* Tests Shared */,
				8E881811283926F8004AA721 /* Products */,
			);
			sourceTree = "<group>";
		};
		8E881805283926F8004AA721 /* Shared */ = {
			isa = PBXGroup;
			children = (
				8E881808283926F8004AA721 /* MuslimCalenderApp.swift */,
				8E88180A283926F8004AA721 /* Persistence.swift */,
				8E88180B283926F8004AA721 /* Assets.xcassets */,
				8E881806283926F8004AA721 /* MuslimCalender.xcdatamodeld */,
				8E88184C283955CC004AA721 /* PrayerTimes.swift */,
				8E109A89283BA5A400F17699 /* ScheduleView.swift */,
				8E6E98E02842053D004A2331 /* EventView.swift */,
				8E7CA018284A73F600C98B01 /* RelativeEvent+PrayerTimes.swift */,
				8E7CA01B284A8CFB00C98B01 /* RelativeEvent+ViewModel.swift */,
				8E84D03328539AE70011EAF3 /* EditEvent+ViewModel.swift */,
				8E84D03628539B9E0011EAF3 /* EditEvent+View.swift */,
			);
			path = Shared;
			sourceTree = "<group>";
		};
		8E881811283926F8004AA721 /* Products */ = {
			isa = PBXGroup;
			children = (
				8E881810283926F8004AA721 /* MuslimCalender.app */,
				8E881816283926F8004AA721 /* MuslimCalender.app */,
				8E88181D283926F8004AA721 /* Tests iOS.xctest */,
				8E881829283926F8004AA721 /* Tests macOS.xctest */,
				8E5ECC5A284B511700E9B369 /* Tests Shared.xctest */,
			);
			name = Products;
			sourceTree = "<group>";
		};
		8E881817283926F8004AA721 /* macOS */ = {
			isa = PBXGroup;
			children = (
				8E881818283926F8004AA721 /* macOS.entitlements */,
			);
			path = macOS;
			sourceTree = "<group>";
		};
		8E881820283926F8004AA721 /* Tests iOS */ = {
			isa = PBXGroup;
			children = (
				8E881821283926F8004AA721 /* Tests_iOS.swift */,
				8E881823283926F8004AA721 /* Tests_iOSLaunchTests.swift */,
			);
			path = "Tests iOS";
			sourceTree = "<group>";
		};
		8E88182C283926F8004AA721 /* Tests macOS */ = {
			isa = PBXGroup;
			children = (
				8E88182D283926F8004AA721 /* Tests_macOS.swift */,
				8E88182F283926F8004AA721 /* Tests_macOSLaunchTests.swift */,
			);
			path = "Tests macOS";
			sourceTree = "<group>";
		};
/* End PBXGroup section */

/* Begin PBXNativeTarget section */
		8E5ECC59284B511700E9B369 /* Tests Shared */ = {
			isa = PBXNativeTarget;
			buildConfigurationList = 8E5ECC60284B511700E9B369 /* Build configuration list for PBXNativeTarget "Tests Shared" */;
			buildPhases = (
				8E5ECC56284B511700E9B369 /* Sources */,
				8E5ECC57284B511700E9B369 /* Frameworks */,
				8E5ECC58284B511700E9B369 /* Resources */,
			);
			buildRules = (
			);
			dependencies = (
				8E5ECC5F284B511700E9B369 /* PBXTargetDependency */,
			);
			name = "Tests Shared";
			productName = "Tests Shared";
			productReference = 8E5ECC5A284B511700E9B369 /* Tests Shared.xctest */;
			productType = "com.apple.product-type.bundle.unit-test";
		};
		8E88180F283926F8004AA721 /* MuslimCalender (iOS) */ = {
			isa = PBXNativeTarget;
			buildConfigurationList = 8E88183D283926F8004AA721 /* Build configuration list for PBXNativeTarget "MuslimCalender (iOS)" */;
			buildPhases = (
				8E88180C283926F8004AA721 /* Sources */,
				8E88180D283926F8004AA721 /* Frameworks */,
				8E88180E283926F8004AA721 /* Resources */,
			);
			buildRules = (
			);
			dependencies = (
			);
			name = "MuslimCalender (iOS)";
			packageProductDependencies = (
				8E881850283964E7004AA721 /* Adhan */,
				8E109A8D283BD1DE00F17699 /* Adhan */,
			);
			productName = "MuslimCalender (iOS)";
			productReference = 8E881810283926F8004AA721 /* MuslimCalender.app */;
			productType = "com.apple.product-type.application";
		};
		8E881815283926F8004AA721 /* MuslimCalender (macOS) */ = {
			isa = PBXNativeTarget;
			buildConfigurationList = 8E881840283926F8004AA721 /* Build configuration list for PBXNativeTarget "MuslimCalender (macOS)" */;
			buildPhases = (
				8E881812283926F8004AA721 /* Sources */,
				8E881813283926F8004AA721 /* Frameworks */,
				8E881814283926F8004AA721 /* Resources */,
			);
			buildRules = (
			);
			dependencies = (
			);
			name = "MuslimCalender (macOS)";
			packageProductDependencies = (
				8E109A90283BD1FF00F17699 /* Adhan */,
			);
			productName = "MuslimCalender (macOS)";
			productReference = 8E881816283926F8004AA721 /* MuslimCalender.app */;
			productType = "com.apple.product-type.application";
		};
		8E88181C283926F8004AA721 /* Tests iOS */ = {
			isa = PBXNativeTarget;
			buildConfigurationList = 8E881843283926F8004AA721 /* Build configuration list for PBXNativeTarget "Tests iOS" */;
			buildPhases = (
				8E881819283926F8004AA721 /* Sources */,
				8E88181A283926F8004AA721 /* Frameworks */,
				8E88181B283926F8004AA721 /* Resources */,
			);
			buildRules = (
			);
			dependencies = (
				8E88181F283926F8004AA721 /* PBXTargetDependency */,
			);
			name = "Tests iOS";
			productName = "Tests iOS";
			productReference = 8E88181D283926F8004AA721 /* Tests iOS.xctest */;
			productType = "com.apple.product-type.bundle.ui-testing";
		};
		8E881828283926F8004AA721 /* Tests macOS */ = {
			isa = PBXNativeTarget;
			buildConfigurationList = 8E881846283926F8004AA721 /* Build configuration list for PBXNativeTarget "Tests macOS" */;
			buildPhases = (
				8E881825283926F8004AA721 /* Sources */,
				8E881826283926F8004AA721 /* Frameworks */,
				8E881827283926F8004AA721 /* Resources */,
			);
			buildRules = (
			);
			dependencies = (
				8E88182B283926F8004AA721 /* PBXTargetDependency */,
			);
			name = "Tests macOS";
			productName = "Tests macOS";
			productReference = 8E881829283926F8004AA721 /* Tests macOS.xctest */;
			productType = "com.apple.product-type.bundle.ui-testing";
		};
/* End PBXNativeTarget section */

/* Begin PBXProject section */
		8E881801283926F7004AA721 /* Project object */ = {
			isa = PBXProject;
			attributes = {
				BuildIndependentTargetsInParallel = 1;
				LastSwiftUpdateCheck = 1340;
				LastUpgradeCheck = 1340;
				TargetAttributes = {
					8E5ECC59284B511700E9B369 = {
						CreatedOnToolsVersion = 13.4;
						TestTargetID = 8E88180F283926F8004AA721;
					};
					8E88180F283926F8004AA721 = {
						CreatedOnToolsVersion = 13.4;
					};
					8E881815283926F8004AA721 = {
						CreatedOnToolsVersion = 13.4;
					};
					8E88181C283926F8004AA721 = {
						CreatedOnToolsVersion = 13.4;
						TestTargetID = 8E88180F283926F8004AA721;
					};
					8E881828283926F8004AA721 = {
						CreatedOnToolsVersion = 13.4;
						TestTargetID = 8E881815283926F8004AA721;
					};
				};
			};
			buildConfigurationList = 8E881804283926F7004AA721 /* Build configuration list for PBXProject "MuslimCalender" */;
			compatibilityVersion = "Xcode 13.0";
			developmentRegion = en;
			hasScannedForEncodings = 0;
			knownRegions = (
				en,
				Base,
			);
			mainGroup = 8E881800283926F7004AA721;
			packageReferences = (
				8E88184F283964E7004AA721 /* XCRemoteSwiftPackageReference "adhan-swift" */,
				8E109A8C283BD1DE00F17699 /* XCRemoteSwiftPackageReference "adhan-swift" */,
				8E109A8F283BD1FF00F17699 /* XCRemoteSwiftPackageReference "adhan-swift" */,
			);
			productRefGroup = 8E881811283926F8004AA721 /* Products */;
			projectDirPath = "";
			projectRoot = "";
			targets = (
				8E88180F283926F8004AA721 /* MuslimCalender (iOS) */,
				8E881815283926F8004AA721 /* MuslimCalender (macOS) */,
				8E88181C283926F8004AA721 /* Tests iOS */,
				8E881828283926F8004AA721 /* Tests macOS */,
				8E5ECC59284B511700E9B369 /* Tests Shared */,
			);
		};
/* End PBXProject section */

/* Begin PBXResourcesBuildPhase section */
		8E5ECC58284B511700E9B369 /* Resources */ = {
			isa = PBXResourcesBuildPhase;
			buildActionMask = 2147483647;
			files = (
			);
			runOnlyForDeploymentPostprocessing = 0;
		};
		8E88180E283926F8004AA721 /* Resources */ = {
			isa = PBXResourcesBuildPhase;
			buildActionMask = 2147483647;
			files = (
				8E881839283926F8004AA721 /* Assets.xcassets in Resources */,
			);
			runOnlyForDeploymentPostprocessing = 0;
		};
		8E881814283926F8004AA721 /* Resources */ = {
			isa = PBXResourcesBuildPhase;
			buildActionMask = 2147483647;
			files = (
				8E88183A283926F8004AA721 /* Assets.xcassets in Resources */,
			);
			runOnlyForDeploymentPostprocessing = 0;
		};
		8E88181B283926F8004AA721 /* Resources */ = {
			isa = PBXResourcesBuildPhase;
			buildActionMask = 2147483647;
			files = (
			);
			runOnlyForDeploymentPostprocessing = 0;
		};
		8E881827283926F8004AA721 /* Resources */ = {
			isa = PBXResourcesBuildPhase;
			buildActionMask = 2147483647;
			files = (
			);
			runOnlyForDeploymentPostprocessing = 0;
		};
/* End PBXResourcesBuildPhase section */

/* Begin PBXSourcesBuildPhase section */
		8E5ECC56284B511700E9B369 /* Sources */ = {
			isa = PBXSourcesBuildPhase;
			buildActionMask = 2147483647;
			files = (
				8E5ECC5D284B511700E9B369 /* Tests_RelativeEvent.swift in Sources */,
			);
			runOnlyForDeploymentPostprocessing = 0;
		};
		8E88180C283926F8004AA721 /* Sources */ = {
			isa = PBXSourcesBuildPhase;
			buildActionMask = 2147483647;
			files = (
				8E881833283926F8004AA721 /* MuslimCalenderApp.swift in Sources */,
				8E84D03428539AE70011EAF3 /* EditEvent+ViewModel.swift in Sources */,
				8E88184D283955CD004AA721 /* PrayerTimes.swift in Sources */,
				8E7CA019284A73F600C98B01 /* RelativeEvent+PrayerTimes.swift in Sources */,
				8E881837283926F8004AA721 /* Persistence.swift in Sources */,
				8E109A8A283BA5A400F17699 /* ScheduleView.swift in Sources */,
				8E881831283926F8004AA721 /* MuslimCalender.xcdatamodeld in Sources */,
				8E7CA01C284A8CFB00C98B01 /* RelativeEvent+ViewModel.swift in Sources */,
				8E6E98E12842053D004A2331 /* EventView.swift in Sources */,
				8E84D03728539B9E0011EAF3 /* EditEvent+View.swift in Sources */,
			);
			runOnlyForDeploymentPostprocessing = 0;
		};
		8E881812283926F8004AA721 /* Sources */ = {
			isa = PBXSourcesBuildPhase;
			buildActionMask = 2147483647;
			files = (
				8E881834283926F8004AA721 /* MuslimCalenderApp.swift in Sources */,
				8E84D03528539AE70011EAF3 /* EditEvent+ViewModel.swift in Sources */,
				8E88184E283955CD004AA721 /* PrayerTimes.swift in Sources */,
				8E7CA01A284A73F600C98B01 /* RelativeEvent+PrayerTimes.swift in Sources */,
				8E881838283926F8004AA721 /* Persistence.swift in Sources */,
				8E109A8B283BA5A400F17699 /* ScheduleView.swift in Sources */,
				8E881832283926F8004AA721 /* MuslimCalender.xcdatamodeld in Sources */,
				8E7CA01D284A8CFB00C98B01 /* RelativeEvent+ViewModel.swift in Sources */,
				8E6E98E22842053D004A2331 /* EventView.swift in Sources */,
				8E84D03828539B9E0011EAF3 /* EditEvent+View.swift in Sources */,
			);
			runOnlyForDeploymentPostprocessing = 0;
		};
		8E881819283926F8004AA721 /* Sources */ = {
			isa = PBXSourcesBuildPhase;
			buildActionMask = 2147483647;
			files = (
				8E881824283926F8004AA721 /* Tests_iOSLaunchTests.swift in Sources */,
				8E881822283926F8004AA721 /* Tests_iOS.swift in Sources */,
			);
			runOnlyForDeploymentPostprocessing = 0;
		};
		8E881825283926F8004AA721 /* Sources */ = {
			isa = PBXSourcesBuildPhase;
			buildActionMask = 2147483647;
			files = (
				8E881830283926F8004AA721 /* Tests_macOSLaunchTests.swift in Sources */,
				8E88182E283926F8004AA721 /* Tests_macOS.swift in Sources */,
			);
			runOnlyForDeploymentPostprocessing = 0;
		};
/* End PBXSourcesBuildPhase section */

/* Begin PBXTargetDependency section */
		8E5ECC5F284B511700E9B369 /* PBXTargetDependency */ = {
			isa = PBXTargetDependency;
			target = 8E88180F283926F8004AA721 /* MuslimCalender (iOS) */;
			targetProxy = 8E5ECC5E284B511700E9B369 /* PBXContainerItemProxy */;
		};
		8E88181F283926F8004AA721 /* PBXTargetDependency */ = {
			isa = PBXTargetDependency;
			target = 8E88180F283926F8004AA721 /* MuslimCalender (iOS) */;
			targetProxy = 8E88181E283926F8004AA721 /* PBXContainerItemProxy */;
		};
		8E88182B283926F8004AA721 /* PBXTargetDependency */ = {
			isa = PBXTargetDependency;
			target = 8E881815283926F8004AA721 /* MuslimCalender (macOS) */;
			targetProxy = 8E88182A283926F8004AA721 /* PBXContainerItemProxy */;
		};
/* End PBXTargetDependency section */

/* Begin XCBuildConfiguration section */
		8E5ECC61284B511700E9B369 /* Debug */ = {
			isa = XCBuildConfiguration;
			buildSettings = {
				BUNDLE_LOADER = "$(TEST_HOST)";
				CODE_SIGN_STYLE = Automatic;
				CURRENT_PROJECT_VERSION = 1;
				DEVELOPMENT_TEAM = QQ583WNZSB;
				GENERATE_INFOPLIST_FILE = YES;
				IPHONEOS_DEPLOYMENT_TARGET = 15.5;
				MARKETING_VERSION = 1.0;
				PRODUCT_BUNDLE_IDENTIFIER = "team.aiops.Tests-Shared";
				PRODUCT_NAME = "$(TARGET_NAME)";
				SDKROOT = iphoneos;
				SWIFT_EMIT_LOC_STRINGS = NO;
				SWIFT_VERSION = 5.0;
				TARGETED_DEVICE_FAMILY = "1,2";
				TEST_HOST = "$(BUILT_PRODUCTS_DIR)/MuslimCalender.app/MuslimCalender";
			};
			name = Debug;
		};
		8E5ECC62284B511700E9B369 /* Release */ = {
			isa = XCBuildConfiguration;
			buildSettings = {
				BUNDLE_LOADER = "$(TEST_HOST)";
				CODE_SIGN_STYLE = Automatic;
				CURRENT_PROJECT_VERSION = 1;
				DEVELOPMENT_TEAM = QQ583WNZSB;
				GENERATE_INFOPLIST_FILE = YES;
				IPHONEOS_DEPLOYMENT_TARGET = 15.5;
				MARKETING_VERSION = 1.0;
				PRODUCT_BUNDLE_IDENTIFIER = "team.aiops.Tests-Shared";
				PRODUCT_NAME = "$(TARGET_NAME)";
				SDKROOT = iphoneos;
				SWIFT_EMIT_LOC_STRINGS = NO;
				SWIFT_VERSION = 5.0;
				TARGETED_DEVICE_FAMILY = "1,2";
				TEST_HOST = "$(BUILT_PRODUCTS_DIR)/MuslimCalender.app/MuslimCalender";
				VALIDATE_PRODUCT = YES;
			};
			name = Release;
		};
		8E88183B283926F8004AA721 /* Debug */ = {
			isa = XCBuildConfiguration;
			buildSettings = {
				ALWAYS_SEARCH_USER_PATHS = NO;
				CLANG_ANALYZER_NONNULL = YES;
				CLANG_ANALYZER_NUMBER_OBJECT_CONVERSION = YES_AGGRESSIVE;
				CLANG_CXX_LANGUAGE_STANDARD = "gnu++17";
				CLANG_ENABLE_MODULES = YES;
				CLANG_ENABLE_OBJC_ARC = YES;
				CLANG_ENABLE_OBJC_WEAK = YES;
				CLANG_WARN_BLOCK_CAPTURE_AUTORELEASING = YES;
				CLANG_WARN_BOOL_CONVERSION = YES;
				CLANG_WARN_COMMA = YES;
				CLANG_WARN_CONSTANT_CONVERSION = YES;
				CLANG_WARN_DEPRECATED_OBJC_IMPLEMENTATIONS = YES;
				CLANG_WARN_DIRECT_OBJC_ISA_USAGE = YES_ERROR;
				CLANG_WARN_DOCUMENTATION_COMMENTS = YES;
				CLANG_WARN_EMPTY_BODY = YES;
				CLANG_WARN_ENUM_CONVERSION = YES;
				CLANG_WARN_INFINITE_RECURSION = YES;
				CLANG_WARN_INT_CONVERSION = YES;
				CLANG_WARN_NON_LITERAL_NULL_CONVERSION = YES;
				CLANG_WARN_OBJC_IMPLICIT_RETAIN_SELF = YES;
				CLANG_WARN_OBJC_LITERAL_CONVERSION = YES;
				CLANG_WARN_OBJC_ROOT_CLASS = YES_ERROR;
				CLANG_WARN_QUOTED_INCLUDE_IN_FRAMEWORK_HEADER = YES;
				CLANG_WARN_RANGE_LOOP_ANALYSIS = YES;
				CLANG_WARN_STRICT_PROTOTYPES = YES;
				CLANG_WARN_SUSPICIOUS_MOVE = YES;
				CLANG_WARN_UNGUARDED_AVAILABILITY = YES_AGGRESSIVE;
				CLANG_WARN_UNREACHABLE_CODE = YES;
				CLANG_WARN__DUPLICATE_METHOD_MATCH = YES;
				COPY_PHASE_STRIP = NO;
				DEBUG_INFORMATION_FORMAT = dwarf;
				ENABLE_STRICT_OBJC_MSGSEND = YES;
				ENABLE_TESTABILITY = YES;
				GCC_C_LANGUAGE_STANDARD = gnu11;
				GCC_DYNAMIC_NO_PIC = NO;
				GCC_NO_COMMON_BLOCKS = YES;
				GCC_OPTIMIZATION_LEVEL = 0;
				GCC_PREPROCESSOR_DEFINITIONS = (
					"DEBUG=1",
					"$(inherited)",
				);
				GCC_WARN_64_TO_32_BIT_CONVERSION = YES;
				GCC_WARN_ABOUT_RETURN_TYPE = YES_ERROR;
				GCC_WARN_UNDECLARED_SELECTOR = YES;
				GCC_WARN_UNINITIALIZED_AUTOS = YES_AGGRESSIVE;
				GCC_WARN_UNUSED_FUNCTION = YES;
				GCC_WARN_UNUSED_VARIABLE = YES;
				MTL_ENABLE_DEBUG_INFO = INCLUDE_SOURCE;
				MTL_FAST_MATH = YES;
				ONLY_ACTIVE_ARCH = YES;
				SWIFT_ACTIVE_COMPILATION_CONDITIONS = DEBUG;
				SWIFT_OPTIMIZATION_LEVEL = "-Onone";
			};
			name = Debug;
		};
		8E88183C283926F8004AA721 /* Release */ = {
			isa = XCBuildConfiguration;
			buildSettings = {
				ALWAYS_SEARCH_USER_PATHS = NO;
				CLANG_ANALYZER_NONNULL = YES;
				CLANG_ANALYZER_NUMBER_OBJECT_CONVERSION = YES_AGGRESSIVE;
				CLANG_CXX_LANGUAGE_STANDARD = "gnu++17";
				CLANG_ENABLE_MODULES = YES;
				CLANG_ENABLE_OBJC_ARC = YES;
				CLANG_ENABLE_OBJC_WEAK = YES;
				CLANG_WARN_BLOCK_CAPTURE_AUTORELEASING = YES;
				CLANG_WARN_BOOL_CONVERSION = YES;
				CLANG_WARN_COMMA = YES;
				CLANG_WARN_CONSTANT_CONVERSION = YES;
				CLANG_WARN_DEPRECATED_OBJC_IMPLEMENTATIONS = YES;
				CLANG_WARN_DIRECT_OBJC_ISA_USAGE = YES_ERROR;
				CLANG_WARN_DOCUMENTATION_COMMENTS = YES;
				CLANG_WARN_EMPTY_BODY = YES;
				CLANG_WARN_ENUM_CONVERSION = YES;
				CLANG_WARN_INFINITE_RECURSION = YES;
				CLANG_WARN_INT_CONVERSION = YES;
				CLANG_WARN_NON_LITERAL_NULL_CONVERSION = YES;
				CLANG_WARN_OBJC_IMPLICIT_RETAIN_SELF = YES;
				CLANG_WARN_OBJC_LITERAL_CONVERSION = YES;
				CLANG_WARN_OBJC_ROOT_CLASS = YES_ERROR;
				CLANG_WARN_QUOTED_INCLUDE_IN_FRAMEWORK_HEADER = YES;
				CLANG_WARN_RANGE_LOOP_ANALYSIS = YES;
				CLANG_WARN_STRICT_PROTOTYPES = YES;
				CLANG_WARN_SUSPICIOUS_MOVE = YES;
				CLANG_WARN_UNGUARDED_AVAILABILITY = YES_AGGRESSIVE;
				CLANG_WARN_UNREACHABLE_CODE = YES;
				CLANG_WARN__DUPLICATE_METHOD_MATCH = YES;
				COPY_PHASE_STRIP = NO;
				DEBUG_INFORMATION_FORMAT = "dwarf-with-dsym";
				ENABLE_NS_ASSERTIONS = NO;
				ENABLE_STRICT_OBJC_MSGSEND = YES;
				GCC_C_LANGUAGE_STANDARD = gnu11;
				GCC_NO_COMMON_BLOCKS = YES;
				GCC_WARN_64_TO_32_BIT_CONVERSION = YES;
				GCC_WARN_ABOUT_RETURN_TYPE = YES_ERROR;
				GCC_WARN_UNDECLARED_SELECTOR = YES;
				GCC_WARN_UNINITIALIZED_AUTOS = YES_AGGRESSIVE;
				GCC_WARN_UNUSED_FUNCTION = YES;
				GCC_WARN_UNUSED_VARIABLE = YES;
				MTL_ENABLE_DEBUG_INFO = NO;
				MTL_FAST_MATH = YES;
				SWIFT_COMPILATION_MODE = wholemodule;
				SWIFT_OPTIMIZATION_LEVEL = "-O";
			};
			name = Release;
		};
		8E88183E283926F8004AA721 /* Debug */ = {
			isa = XCBuildConfiguration;
			buildSettings = {
				ASSETCATALOG_COMPILER_APPICON_NAME = AppIcon;
				ASSETCATALOG_COMPILER_GLOBAL_ACCENT_COLOR_NAME = AccentColor;
				CODE_SIGN_STYLE = Automatic;
				CURRENT_PROJECT_VERSION = 1;
				DEVELOPMENT_TEAM = QQ583WNZSB;
				ENABLE_PREVIEWS = YES;
				GENERATE_INFOPLIST_FILE = YES;
				INFOPLIST_KEY_UIApplicationSceneManifest_Generation = YES;
				INFOPLIST_KEY_UIApplicationSupportsIndirectInputEvents = YES;
				INFOPLIST_KEY_UILaunchScreen_Generation = YES;
				INFOPLIST_KEY_UISupportedInterfaceOrientations_iPad = "UIInterfaceOrientationPortrait UIInterfaceOrientationPortraitUpsideDown UIInterfaceOrientationLandscapeLeft UIInterfaceOrientationLandscapeRight";
				INFOPLIST_KEY_UISupportedInterfaceOrientations_iPhone = "UIInterfaceOrientationPortrait UIInterfaceOrientationLandscapeLeft UIInterfaceOrientationLandscapeRight";
				IPHONEOS_DEPLOYMENT_TARGET = 15.5;
				LD_RUNPATH_SEARCH_PATHS = (
					"$(inherited)",
					"@executable_path/Frameworks",
				);
				MARKETING_VERSION = 1.0;
				PRODUCT_BUNDLE_IDENTIFIER = team.aiops.MuslimCalender;
				PRODUCT_NAME = MuslimCalender;
				SDKROOT = iphoneos;
				SWIFT_EMIT_LOC_STRINGS = YES;
				SWIFT_VERSION = 5.0;
				TARGETED_DEVICE_FAMILY = "1,2";
			};
			name = Debug;
		};
		8E88183F283926F8004AA721 /* Release */ = {
			isa = XCBuildConfiguration;
			buildSettings = {
				ASSETCATALOG_COMPILER_APPICON_NAME = AppIcon;
				ASSETCATALOG_COMPILER_GLOBAL_ACCENT_COLOR_NAME = AccentColor;
				CODE_SIGN_STYLE = Automatic;
				CURRENT_PROJECT_VERSION = 1;
				DEVELOPMENT_TEAM = QQ583WNZSB;
				ENABLE_PREVIEWS = YES;
				GENERATE_INFOPLIST_FILE = YES;
				INFOPLIST_KEY_UIApplicationSceneManifest_Generation = YES;
				INFOPLIST_KEY_UIApplicationSupportsIndirectInputEvents = YES;
				INFOPLIST_KEY_UILaunchScreen_Generation = YES;
				INFOPLIST_KEY_UISupportedInterfaceOrientations_iPad = "UIInterfaceOrientationPortrait UIInterfaceOrientationPortraitUpsideDown UIInterfaceOrientationLandscapeLeft UIInterfaceOrientationLandscapeRight";
				INFOPLIST_KEY_UISupportedInterfaceOrientations_iPhone = "UIInterfaceOrientationPortrait UIInterfaceOrientationLandscapeLeft UIInterfaceOrientationLandscapeRight";
				IPHONEOS_DEPLOYMENT_TARGET = 15.5;
				LD_RUNPATH_SEARCH_PATHS = (
					"$(inherited)",
					"@executable_path/Frameworks",
				);
				MARKETING_VERSION = 1.0;
				PRODUCT_BUNDLE_IDENTIFIER = team.aiops.MuslimCalender;
				PRODUCT_NAME = MuslimCalender;
				SDKROOT = iphoneos;
				SWIFT_EMIT_LOC_STRINGS = YES;
				SWIFT_VERSION = 5.0;
				TARGETED_DEVICE_FAMILY = "1,2";
				VALIDATE_PRODUCT = YES;
			};
			name = Release;
		};
		8E881841283926F8004AA721 /* Debug */ = {
			isa = XCBuildConfiguration;
			buildSettings = {
				ASSETCATALOG_COMPILER_APPICON_NAME = AppIcon;
				ASSETCATALOG_COMPILER_GLOBAL_ACCENT_COLOR_NAME = AccentColor;
				CODE_SIGN_ENTITLEMENTS = macOS/macOS.entitlements;
				CODE_SIGN_STYLE = Automatic;
				COMBINE_HIDPI_IMAGES = YES;
				CURRENT_PROJECT_VERSION = 1;
				DEVELOPMENT_TEAM = QQ583WNZSB;
				ENABLE_HARDENED_RUNTIME = YES;
				ENABLE_PREVIEWS = YES;
				GENERATE_INFOPLIST_FILE = YES;
				INFOPLIST_KEY_NSHumanReadableCopyright = "";
				LD_RUNPATH_SEARCH_PATHS = (
					"$(inherited)",
					"@executable_path/../Frameworks",
				);
				MACOSX_DEPLOYMENT_TARGET = 12.3;
				MARKETING_VERSION = 1.0;
				PRODUCT_BUNDLE_IDENTIFIER = team.aiops.MuslimCalender;
				PRODUCT_NAME = MuslimCalender;
				SDKROOT = macosx;
				SWIFT_EMIT_LOC_STRINGS = YES;
				SWIFT_VERSION = 5.0;
			};
			name = Debug;
		};
		8E881842283926F8004AA721 /* Release */ = {
			isa = XCBuildConfiguration;
			buildSettings = {
				ASSETCATALOG_COMPILER_APPICON_NAME = AppIcon;
				ASSETCATALOG_COMPILER_GLOBAL_ACCENT_COLOR_NAME = AccentColor;
				CODE_SIGN_ENTITLEMENTS = macOS/macOS.entitlements;
				CODE_SIGN_STYLE = Automatic;
				COMBINE_HIDPI_IMAGES = YES;
				CURRENT_PROJECT_VERSION = 1;
				DEVELOPMENT_TEAM = QQ583WNZSB;
				ENABLE_HARDENED_RUNTIME = YES;
				ENABLE_PREVIEWS = YES;
				GENERATE_INFOPLIST_FILE = YES;
				INFOPLIST_KEY_NSHumanReadableCopyright = "";
				LD_RUNPATH_SEARCH_PATHS = (
					"$(inherited)",
					"@executable_path/../Frameworks",
				);
				MACOSX_DEPLOYMENT_TARGET = 12.3;
				MARKETING_VERSION = 1.0;
				PRODUCT_BUNDLE_IDENTIFIER = team.aiops.MuslimCalender;
				PRODUCT_NAME = MuslimCalender;
				SDKROOT = macosx;
				SWIFT_EMIT_LOC_STRINGS = YES;
				SWIFT_VERSION = 5.0;
			};
			name = Release;
		};
		8E881844283926F8004AA721 /* Debug */ = {
			isa = XCBuildConfiguration;
			buildSettings = {
				ALWAYS_EMBED_SWIFT_STANDARD_LIBRARIES = YES;
				CODE_SIGN_STYLE = Automatic;
				CURRENT_PROJECT_VERSION = 1;
				DEVELOPMENT_TEAM = QQ583WNZSB;
				GENERATE_INFOPLIST_FILE = YES;
				IPHONEOS_DEPLOYMENT_TARGET = 15.5;
				MARKETING_VERSION = 1.0;
				PRODUCT_BUNDLE_IDENTIFIER = "team.aiops.Tests-iOS";
				PRODUCT_NAME = "$(TARGET_NAME)";
				SDKROOT = iphoneos;
				SWIFT_EMIT_LOC_STRINGS = NO;
				SWIFT_VERSION = 5.0;
				TARGETED_DEVICE_FAMILY = "1,2";
				TEST_TARGET_NAME = "MuslimCalender (iOS)";
			};
			name = Debug;
		};
		8E881845283926F8004AA721 /* Release */ = {
			isa = XCBuildConfiguration;
			buildSettings = {
				ALWAYS_EMBED_SWIFT_STANDARD_LIBRARIES = YES;
				CODE_SIGN_STYLE = Automatic;
				CURRENT_PROJECT_VERSION = 1;
				DEVELOPMENT_TEAM = QQ583WNZSB;
				GENERATE_INFOPLIST_FILE = YES;
				IPHONEOS_DEPLOYMENT_TARGET = 15.5;
				MARKETING_VERSION = 1.0;
				PRODUCT_BUNDLE_IDENTIFIER = "team.aiops.Tests-iOS";
				PRODUCT_NAME = "$(TARGET_NAME)";
				SDKROOT = iphoneos;
				SWIFT_EMIT_LOC_STRINGS = NO;
				SWIFT_VERSION = 5.0;
				TARGETED_DEVICE_FAMILY = "1,2";
				TEST_TARGET_NAME = "MuslimCalender (iOS)";
				VALIDATE_PRODUCT = YES;
			};
			name = Release;
		};
		8E881847283926F8004AA721 /* Debug */ = {
			isa = XCBuildConfiguration;
			buildSettings = {
				ALWAYS_EMBED_SWIFT_STANDARD_LIBRARIES = YES;
				CODE_SIGN_STYLE = Automatic;
				CURRENT_PROJECT_VERSION = 1;
				DEVELOPMENT_TEAM = QQ583WNZSB;
				GENERATE_INFOPLIST_FILE = YES;
				MACOSX_DEPLOYMENT_TARGET = 12.3;
				MARKETING_VERSION = 1.0;
				PRODUCT_BUNDLE_IDENTIFIER = "team.aiops.Tests-macOS";
				PRODUCT_NAME = "$(TARGET_NAME)";
				SDKROOT = macosx;
				SWIFT_EMIT_LOC_STRINGS = NO;
				SWIFT_VERSION = 5.0;
				TEST_TARGET_NAME = "MuslimCalender (macOS)";
			};
			name = Debug;
		};
		8E881848283926F8004AA721 /* Release */ = {
			isa = XCBuildConfiguration;
			buildSettings = {
				ALWAYS_EMBED_SWIFT_STANDARD_LIBRARIES = YES;
				CODE_SIGN_STYLE = Automatic;
				CURRENT_PROJECT_VERSION = 1;
				DEVELOPMENT_TEAM = QQ583WNZSB;
				GENERATE_INFOPLIST_FILE = YES;
				MACOSX_DEPLOYMENT_TARGET = 12.3;
				MARKETING_VERSION = 1.0;
				PRODUCT_BUNDLE_IDENTIFIER = "team.aiops.Tests-macOS";
				PRODUCT_NAME = "$(TARGET_NAME)";
				SDKROOT = macosx;
				SWIFT_EMIT_LOC_STRINGS = NO;
				SWIFT_VERSION = 5.0;
				TEST_TARGET_NAME = "MuslimCalender (macOS)";
			};
			name = Release;
		};
/* End XCBuildConfiguration section */

/* Begin XCConfigurationList section */
		8E5ECC60284B511700E9B369 /* Build configuration list for PBXNativeTarget "Tests Shared" */ = {
			isa = XCConfigurationList;
			buildConfigurations = (
				8E5ECC61284B511700E9B369 /* Debug */,
				8E5ECC62284B511700E9B369 /* Release */,
			);
			defaultConfigurationIsVisible = 0;
			defaultConfigurationName = Release;
		};
		8E881804283926F7004AA721 /* Build configuration list for PBXProject "MuslimCalender" */ = {
			isa = XCConfigurationList;
			buildConfigurations = (
				8E88183B283926F8004AA721 /* Debug */,
				8E88183C283926F8004AA721 /* Release */,
			);
			defaultConfigurationIsVisible = 0;
			defaultConfigurationName = Release;
		};
		8E88183D283926F8004AA721 /* Build configuration list for PBXNativeTarget "MuslimCalender (iOS)" */ = {
			isa = XCConfigurationList;
			buildConfigurations = (
				8E88183E283926F8004AA721 /* Debug */,
				8E88183F283926F8004AA721 /* Release */,
			);
			defaultConfigurationIsVisible = 0;
			defaultConfigurationName = Release;
		};
		8E881840283926F8004AA721 /* Build configuration list for PBXNativeTarget "MuslimCalender (macOS)" */ = {
			isa = XCConfigurationList;
			buildConfigurations = (
				8E881841283926F8004AA721 /* Debug */,
				8E881842283926F8004AA721 /* Release */,
			);
			defaultConfigurationIsVisible = 0;
			defaultConfigurationName = Release;
		};
		8E881843283926F8004AA721 /* Build configuration list for PBXNativeTarget "Tests iOS" */ = {
			isa = XCConfigurationList;
			buildConfigurations = (
				8E881844283926F8004AA721 /* Debug */,
				8E881845283926F8004AA721 /* Release */,
			);
			defaultConfigurationIsVisible = 0;
			defaultConfigurationName = Release;
		};
		8E881846283926F8004AA721 /* Build configuration list for PBXNativeTarget "Tests macOS" */ = {
			isa = XCConfigurationList;
			buildConfigurations = (
				8E881847283926F8004AA721 /* Debug */,
				8E881848283926F8004AA721 /* Release */,
			);
			defaultConfigurationIsVisible = 0;
			defaultConfigurationName = Release;
		};
/* End XCConfigurationList section */

/* Begin XCRemoteSwiftPackageReference section */
		8E109A8C283BD1DE00F17699 /* XCRemoteSwiftPackageReference "adhan-swift" */ = {
			isa = XCRemoteSwiftPackageReference;
			repositoryURL = "https://github.com/batoulapps/adhan-swift";
			requirement = {
				kind = upToNextMajorVersion;
				minimumVersion = 1.0.0;
			};
		};
		8E109A8F283BD1FF00F17699 /* XCRemoteSwiftPackageReference "adhan-swift" */ = {
			isa = XCRemoteSwiftPackageReference;
			repositoryURL = "https://github.com/batoulapps/adhan-swift";
			requirement = {
				kind = upToNextMajorVersion;
				minimumVersion = 1.0.0;
			};
		};
		8E88184F283964E7004AA721 /* XCRemoteSwiftPackageReference "adhan-swift" */ = {
			isa = XCRemoteSwiftPackageReference;
			repositoryURL = "https://github.com/batoulapps/adhan-swift";
			requirement = {
				kind = upToNextMajorVersion;
				minimumVersion = 1.0.0;
			};
		};
/* End XCRemoteSwiftPackageReference section */

/* Begin XCSwiftPackageProductDependency section */
		8E109A8D283BD1DE00F17699 /* Adhan */ = {
			isa = XCSwiftPackageProductDependency;
			package = 8E88184F283964E7004AA721 /* XCRemoteSwiftPackageReference "adhan-swift" */;
			productName = Adhan;
		};
		8E109A90283BD1FF00F17699 /* Adhan */ = {
			isa = XCSwiftPackageProductDependency;
			package = 8E88184F283964E7004AA721 /* XCRemoteSwiftPackageReference "adhan-swift" */;
			productName = Adhan;
		};
		8E881850283964E7004AA721 /* Adhan */ = {
			isa = XCSwiftPackageProductDependency;
			package = 8E88184F283964E7004AA721 /* XCRemoteSwiftPackageReference "adhan-swift" */;
			productName = Adhan;
		};
/* End XCSwiftPackageProductDependency section */

/* Begin XCVersionGroup section */
		8E881806283926F8004AA721 /* MuslimCalender.xcdatamodeld */ = {
			isa = XCVersionGroup;
			children = (
				8E881807283926F8004AA721 /* Shared.xcdatamodel */,
			);
			currentVersion = 8E881807283926F8004AA721 /* Shared.xcdatamodel */;
			path = MuslimCalender.xcdatamodeld;
			sourceTree = "<group>";
			versionGroupType = wrapper.xcdatamodel;
		};
/* End XCVersionGroup section */
	};
	rootObject = 8E881801283926F7004AA721 /* Project object */;
}
