// !$*UTF8*$!
{
	archiveVersion = 1;
	classes = {
	};
	objectVersion = 56;
	objects = {

/* Begin PBXBuildFile section */
		8E0AE9E22927DEA7009394D5 /* PlacemarkService.swift in Sources */ = {isa = PBXBuildFile; fileRef = 8E0AE9E12927DEA7009394D5 /* PlacemarkService.swift */; };
		8E3E7865291E45A600D23EF9 /* XCUIApplication+.swift in Sources */ = {isa = PBXBuildFile; fileRef = 8E3E7864291E45A600D23EF9 /* XCUIApplication+.swift */; };
		8E3E8C7229214A31007A77D6 /* BackGroundTask.swift in Sources */ = {isa = PBXBuildFile; fileRef = 8E3E8C7129214A31007A77D6 /* BackGroundTask.swift */; };
		8E3E8C7429216D11007A77D6 /* Settings.swift in Sources */ = {isa = PBXBuildFile; fileRef = 8E3E8C7329216D11007A77D6 /* Settings.swift */; };
		8E3E8C76292187BA007A77D6 /* CityView.swift in Sources */ = {isa = PBXBuildFile; fileRef = 8E3E8C75292187BA007A77D6 /* CityView.swift */; };
		8E3E8C78292187C9007A77D6 /* SettingsView.swift in Sources */ = {isa = PBXBuildFile; fileRef = 8E3E8C77292187C9007A77D6 /* SettingsView.swift */; };
		8E3E8C7A29229613007A77D6 /* View+Focus.swift in Sources */ = {isa = PBXBuildFile; fileRef = 8E3E8C7929229613007A77D6 /* View+Focus.swift */; };
		8E3E8C7C2922BCBE007A77D6 /* EventKit+ScheduleItem.swift in Sources */ = {isa = PBXBuildFile; fileRef = 8E3E8C7B2922BCBE007A77D6 /* EventKit+ScheduleItem.swift */; };
		8E456F0829068AAE00FE1CE2 /* MuslimCalendar2App.swift in Sources */ = {isa = PBXBuildFile; fileRef = 8E456F0729068AAE00FE1CE2 /* MuslimCalendar2App.swift */; };
		8E456F0A29068AAE00FE1CE2 /* Persistence.swift in Sources */ = {isa = PBXBuildFile; fileRef = 8E456F0929068AAE00FE1CE2 /* Persistence.swift */; };
		8E456F0D29068AAE00FE1CE2 /* MuslimCalendar2.xcdatamodeld in Sources */ = {isa = PBXBuildFile; fileRef = 8E456F0B29068AAE00FE1CE2 /* MuslimCalendar2.xcdatamodeld */; };
		8E456F0F29068AAE00FE1CE2 /* ContentView.swift in Sources */ = {isa = PBXBuildFile; fileRef = 8E456F0E29068AAE00FE1CE2 /* ContentView.swift */; };
		8E456F1129068AB000FE1CE2 /* Assets.xcassets in Resources */ = {isa = PBXBuildFile; fileRef = 8E456F1029068AB000FE1CE2 /* Assets.xcassets */; };
		8E456F1529068AB000FE1CE2 /* Preview Assets.xcassets in Resources */ = {isa = PBXBuildFile; fileRef = 8E456F1429068AB000FE1CE2 /* Preview Assets.xcassets */; };
		8E456F1F29068AB000FE1CE2 /* MuslimCalendar2Tests.swift in Sources */ = {isa = PBXBuildFile; fileRef = 8E456F1E29068AB000FE1CE2 /* MuslimCalendar2Tests.swift */; };
		8E456F2929068AB000FE1CE2 /* MuslimCalendar2UITests.swift in Sources */ = {isa = PBXBuildFile; fileRef = 8E456F2829068AB000FE1CE2 /* MuslimCalendar2UITests.swift */; };
		8E456F2B29068AB000FE1CE2 /* MuslimCalendar2UITestsLaunchTests.swift in Sources */ = {isa = PBXBuildFile; fileRef = 8E456F2A29068AB000FE1CE2 /* MuslimCalendar2UITestsLaunchTests.swift */; };
		8E456F3A29068FC900FE1CE2 /* ScheduleView.swift in Sources */ = {isa = PBXBuildFile; fileRef = 8E456F3929068FC900FE1CE2 /* ScheduleView.swift */; };
		8E456F3C2906A17800FE1CE2 /* PrayerCardView.swift in Sources */ = {isa = PBXBuildFile; fileRef = 8E456F3B2906A17800FE1CE2 /* PrayerCardView.swift */; };
		8E456F3E2906A61200FE1CE2 /* EventCardView.swift in Sources */ = {isa = PBXBuildFile; fileRef = 8E456F3D2906A61200FE1CE2 /* EventCardView.swift */; };
		8E456F402906A67300FE1CE2 /* AvailableTimeCardView.swift in Sources */ = {isa = PBXBuildFile; fileRef = 8E456F3F2906A67300FE1CE2 /* AvailableTimeCardView.swift */; };
		8E456F432906A80600FE1CE2 /* ScheduleItme.swift in Sources */ = {isa = PBXBuildFile; fileRef = 8E456F422906A80600FE1CE2 /* ScheduleItme.swift */; };
		8E456F452906A85B00FE1CE2 /* ScheduleItemsView.swift in Sources */ = {isa = PBXBuildFile; fileRef = 8E456F442906A85B00FE1CE2 /* ScheduleItemsView.swift */; };
		8E456F472906A91700FE1CE2 /* DaysView.swift in Sources */ = {isa = PBXBuildFile; fileRef = 8E456F462906A91700FE1CE2 /* DaysView.swift */; };
		8E456F4A2906C7EC00FE1CE2 /* Date+.swift in Sources */ = {isa = PBXBuildFile; fileRef = 8E456F492906C7EC00FE1CE2 /* Date+.swift */; };
		8E456F4D2906CD9000FE1CE2 /* ScheduleViewModel.swift in Sources */ = {isa = PBXBuildFile; fileRef = 8E456F4C2906CD9000FE1CE2 /* ScheduleViewModel.swift */; };
		8E456F4F2906CDFD00FE1CE2 /* WeekDay.swift in Sources */ = {isa = PBXBuildFile; fileRef = 8E456F4E2906CDFD00FE1CE2 /* WeekDay.swift */; };
		8E484C8C2907E6470026C90F /* TimeInterval+.swift in Sources */ = {isa = PBXBuildFile; fileRef = 8E484C8B2907E6470026C90F /* TimeInterval+.swift */; };
		8E484C8E2907F45F0026C90F /* LocationService.swift in Sources */ = {isa = PBXBuildFile; fileRef = 8E484C8D2907F45E0026C90F /* LocationService.swift */; };
		8E484C91290832100026C90F /* Adhan in Frameworks */ = {isa = PBXBuildFile; productRef = 8E484C90290832100026C90F /* Adhan */; };
		8E484C93290832270026C90F /* PrayerCalculation.swift in Sources */ = {isa = PBXBuildFile; fileRef = 8E484C92290832270026C90F /* PrayerCalculation.swift */; };
		8E484C9729083CA40026C90F /* PrayerCalculation+ScheduleItem.swift in Sources */ = {isa = PBXBuildFile; fileRef = 8E484C9629083CA40026C90F /* PrayerCalculation+ScheduleItem.swift */; };
		8E484C9929086D7D0026C90F /* PrayerCalculatorService.swift in Sources */ = {isa = PBXBuildFile; fileRef = 8E484C9829086D7D0026C90F /* PrayerCalculatorService.swift */; };
		8E484C9B290882310026C90F /* ScheduleItemToolbarView.swift in Sources */ = {isa = PBXBuildFile; fileRef = 8E484C9A290882310026C90F /* ScheduleItemToolbarView.swift */; };
		8E484C9D29097E860026C90F /* DurationPicker.swift in Sources */ = {isa = PBXBuildFile; fileRef = 8E484C9C29097E860026C90F /* DurationPicker.swift */; };
		8E484C9F290A782A0026C90F /* EventViewModel.swift in Sources */ = {isa = PBXBuildFile; fileRef = 8E484C9E290A782A0026C90F /* EventViewModel.swift */; };
		8E484CA1290AF7410026C90F /* CoreData+ScheduledItem.swift in Sources */ = {isa = PBXBuildFile; fileRef = 8E484CA0290AF7410026C90F /* CoreData+ScheduledItem.swift */; };
		8E484CA72910DD970026C90F /* Date+Tests.swift in Sources */ = {isa = PBXBuildFile; fileRef = 8E484CA62910DD970026C90F /* Date+Tests.swift */; };
		8E5D3F5B29143CF200914FC1 /* Date+WeekDay.swift in Sources */ = {isa = PBXBuildFile; fileRef = 8E5D3F5A29143CF200914FC1 /* Date+WeekDay.swift */; };
		8E5D3F5D2914D02D00914FC1 /* EventKitService.swift in Sources */ = {isa = PBXBuildFile; fileRef = 8E5D3F5C2914D02D00914FC1 /* EventKitService.swift */; };
		8E5D3F5F2914DBFD00914FC1 /* EkEventKitServiceTests.swift in Sources */ = {isa = PBXBuildFile; fileRef = 8E5D3F5E2914DBFD00914FC1 /* EkEventKitServiceTests.swift */; };
		8EC89948291EB7180061C992 /* EventDetailView.swift in Sources */ = {isa = PBXBuildFile; fileRef = 8EC89947291EB7170061C992 /* EventDetailView.swift */; };
		8EC8994F291ED9A30061C992 /* KeyboardToolbar.swift in Sources */ = {isa = PBXBuildFile; fileRef = 8EC8994E291ED9A30061C992 /* KeyboardToolbar.swift */; };
/* End PBXBuildFile section */

/* Begin PBXContainerItemProxy section */
		8E456F1B29068AB000FE1CE2 /* PBXContainerItemProxy */ = {
			isa = PBXContainerItemProxy;
			containerPortal = 8E456EFC29068AAE00FE1CE2 /* Project object */;
			proxyType = 1;
			remoteGlobalIDString = 8E456F0329068AAE00FE1CE2;
			remoteInfo = MuslimCalendar2;
		};
		8E456F2529068AB000FE1CE2 /* PBXContainerItemProxy */ = {
			isa = PBXContainerItemProxy;
			containerPortal = 8E456EFC29068AAE00FE1CE2 /* Project object */;
			proxyType = 1;
			remoteGlobalIDString = 8E456F0329068AAE00FE1CE2;
			remoteInfo = MuslimCalendar2;
		};
/* End PBXContainerItemProxy section */

/* Begin PBXFileReference section */
		8E0AE9E12927DEA7009394D5 /* PlacemarkService.swift */ = {isa = PBXFileReference; lastKnownFileType = sourcecode.swift; path = PlacemarkService.swift; sourceTree = "<group>"; };
		8E3E7864291E45A600D23EF9 /* XCUIApplication+.swift */ = {isa = PBXFileReference; lastKnownFileType = sourcecode.swift; path = "XCUIApplication+.swift"; sourceTree = "<group>"; };
		8E3E8C7129214A31007A77D6 /* BackGroundTask.swift */ = {isa = PBXFileReference; lastKnownFileType = sourcecode.swift; path = BackGroundTask.swift; sourceTree = "<group>"; };
		8E3E8C7329216D11007A77D6 /* Settings.swift */ = {isa = PBXFileReference; lastKnownFileType = sourcecode.swift; path = Settings.swift; sourceTree = "<group>"; };
		8E3E8C75292187BA007A77D6 /* CityView.swift */ = {isa = PBXFileReference; lastKnownFileType = sourcecode.swift; path = CityView.swift; sourceTree = "<group>"; };
		8E3E8C77292187C9007A77D6 /* SettingsView.swift */ = {isa = PBXFileReference; lastKnownFileType = sourcecode.swift; path = SettingsView.swift; sourceTree = "<group>"; };
		8E3E8C7929229613007A77D6 /* View+Focus.swift */ = {isa = PBXFileReference; fileEncoding = 4; lastKnownFileType = sourcecode.swift; path = "View+Focus.swift"; sourceTree = "<group>"; };
		8E3E8C7B2922BCBE007A77D6 /* EventKit+ScheduleItem.swift */ = {isa = PBXFileReference; lastKnownFileType = sourcecode.swift; path = "EventKit+ScheduleItem.swift"; sourceTree = "<group>"; };
		8E456F0429068AAE00FE1CE2 /* MuslimCalendar2.app */ = {isa = PBXFileReference; explicitFileType = wrapper.application; includeInIndex = 0; path = MuslimCalendar2.app; sourceTree = BUILT_PRODUCTS_DIR; };
		8E456F0729068AAE00FE1CE2 /* MuslimCalendar2App.swift */ = {isa = PBXFileReference; lastKnownFileType = sourcecode.swift; path = MuslimCalendar2App.swift; sourceTree = "<group>"; };
		8E456F0929068AAE00FE1CE2 /* Persistence.swift */ = {isa = PBXFileReference; lastKnownFileType = sourcecode.swift; path = Persistence.swift; sourceTree = "<group>"; };
		8E456F0C29068AAE00FE1CE2 /* MuslimCalendar2.xcdatamodel */ = {isa = PBXFileReference; lastKnownFileType = wrapper.xcdatamodel; path = MuslimCalendar2.xcdatamodel; sourceTree = "<group>"; };
		8E456F0E29068AAE00FE1CE2 /* ContentView.swift */ = {isa = PBXFileReference; lastKnownFileType = sourcecode.swift; path = ContentView.swift; sourceTree = "<group>"; };
		8E456F1029068AB000FE1CE2 /* Assets.xcassets */ = {isa = PBXFileReference; lastKnownFileType = folder.assetcatalog; path = Assets.xcassets; sourceTree = "<group>"; };
		8E456F1229068AB000FE1CE2 /* MuslimCalendar2.entitlements */ = {isa = PBXFileReference; lastKnownFileType = text.plist.entitlements; path = MuslimCalendar2.entitlements; sourceTree = "<group>"; };
		8E456F1429068AB000FE1CE2 /* Preview Assets.xcassets */ = {isa = PBXFileReference; lastKnownFileType = folder.assetcatalog; path = "Preview Assets.xcassets"; sourceTree = "<group>"; };
		8E456F1A29068AB000FE1CE2 /* MuslimCalendar2Tests.xctest */ = {isa = PBXFileReference; explicitFileType = wrapper.cfbundle; includeInIndex = 0; path = MuslimCalendar2Tests.xctest; sourceTree = BUILT_PRODUCTS_DIR; };
		8E456F1E29068AB000FE1CE2 /* MuslimCalendar2Tests.swift */ = {isa = PBXFileReference; lastKnownFileType = sourcecode.swift; path = MuslimCalendar2Tests.swift; sourceTree = "<group>"; };
		8E456F2429068AB000FE1CE2 /* MuslimCalendar2UITests.xctest */ = {isa = PBXFileReference; explicitFileType = wrapper.cfbundle; includeInIndex = 0; path = MuslimCalendar2UITests.xctest; sourceTree = BUILT_PRODUCTS_DIR; };
		8E456F2829068AB000FE1CE2 /* MuslimCalendar2UITests.swift */ = {isa = PBXFileReference; lastKnownFileType = sourcecode.swift; path = MuslimCalendar2UITests.swift; sourceTree = "<group>"; };
		8E456F2A29068AB000FE1CE2 /* MuslimCalendar2UITestsLaunchTests.swift */ = {isa = PBXFileReference; lastKnownFileType = sourcecode.swift; path = MuslimCalendar2UITestsLaunchTests.swift; sourceTree = "<group>"; };
		8E456F3929068FC900FE1CE2 /* ScheduleView.swift */ = {isa = PBXFileReference; lastKnownFileType = sourcecode.swift; path = ScheduleView.swift; sourceTree = "<group>"; };
		8E456F3B2906A17800FE1CE2 /* PrayerCardView.swift */ = {isa = PBXFileReference; lastKnownFileType = sourcecode.swift; path = PrayerCardView.swift; sourceTree = "<group>"; };
		8E456F3D2906A61200FE1CE2 /* EventCardView.swift */ = {isa = PBXFileReference; lastKnownFileType = sourcecode.swift; path = EventCardView.swift; sourceTree = "<group>"; };
		8E456F3F2906A67300FE1CE2 /* AvailableTimeCardView.swift */ = {isa = PBXFileReference; lastKnownFileType = sourcecode.swift; path = AvailableTimeCardView.swift; sourceTree = "<group>"; };
		8E456F422906A80600FE1CE2 /* ScheduleItme.swift */ = {isa = PBXFileReference; lastKnownFileType = sourcecode.swift; path = ScheduleItme.swift; sourceTree = "<group>"; };
		8E456F442906A85B00FE1CE2 /* ScheduleItemsView.swift */ = {isa = PBXFileReference; lastKnownFileType = sourcecode.swift; path = ScheduleItemsView.swift; sourceTree = "<group>"; };
		8E456F462906A91700FE1CE2 /* DaysView.swift */ = {isa = PBXFileReference; lastKnownFileType = sourcecode.swift; path = DaysView.swift; sourceTree = "<group>"; };
		8E456F492906C7EC00FE1CE2 /* Date+.swift */ = {isa = PBXFileReference; lastKnownFileType = sourcecode.swift; path = "Date+.swift"; sourceTree = "<group>"; };
		8E456F4C2906CD9000FE1CE2 /* ScheduleViewModel.swift */ = {isa = PBXFileReference; lastKnownFileType = sourcecode.swift; path = ScheduleViewModel.swift; sourceTree = "<group>"; };
		8E456F4E2906CDFD00FE1CE2 /* WeekDay.swift */ = {isa = PBXFileReference; lastKnownFileType = sourcecode.swift; path = WeekDay.swift; sourceTree = "<group>"; };
		8E484C8B2907E6470026C90F /* TimeInterval+.swift */ = {isa = PBXFileReference; lastKnownFileType = sourcecode.swift; path = "TimeInterval+.swift"; sourceTree = "<group>"; };
		8E484C8D2907F45E0026C90F /* LocationService.swift */ = {isa = PBXFileReference; lastKnownFileType = sourcecode.swift; path = LocationService.swift; sourceTree = "<group>"; };
		8E484C92290832270026C90F /* PrayerCalculation.swift */ = {isa = PBXFileReference; lastKnownFileType = sourcecode.swift; path = PrayerCalculation.swift; sourceTree = "<group>"; };
		8E484C9629083CA40026C90F /* PrayerCalculation+ScheduleItem.swift */ = {isa = PBXFileReference; lastKnownFileType = sourcecode.swift; path = "PrayerCalculation+ScheduleItem.swift"; sourceTree = "<group>"; };
		8E484C9829086D7D0026C90F /* PrayerCalculatorService.swift */ = {isa = PBXFileReference; lastKnownFileType = sourcecode.swift; path = PrayerCalculatorService.swift; sourceTree = "<group>"; };
		8E484C9A290882310026C90F /* ScheduleItemToolbarView.swift */ = {isa = PBXFileReference; lastKnownFileType = sourcecode.swift; path = ScheduleItemToolbarView.swift; sourceTree = "<group>"; };
		8E484C9C29097E860026C90F /* DurationPicker.swift */ = {isa = PBXFileReference; lastKnownFileType = sourcecode.swift; path = DurationPicker.swift; sourceTree = "<group>"; };
		8E484C9E290A782A0026C90F /* EventViewModel.swift */ = {isa = PBXFileReference; lastKnownFileType = sourcecode.swift; path = EventViewModel.swift; sourceTree = "<group>"; };
		8E484CA0290AF7410026C90F /* CoreData+ScheduledItem.swift */ = {isa = PBXFileReference; lastKnownFileType = sourcecode.swift; path = "CoreData+ScheduledItem.swift"; sourceTree = "<group>"; };
		8E484CA529102D550026C90F /* Info.plist */ = {isa = PBXFileReference; lastKnownFileType = text.plist; path = Info.plist; sourceTree = "<group>"; };
		8E484CA62910DD970026C90F /* Date+Tests.swift */ = {isa = PBXFileReference; lastKnownFileType = sourcecode.swift; path = "Date+Tests.swift"; sourceTree = "<group>"; };
		8E5D3F5A29143CF200914FC1 /* Date+WeekDay.swift */ = {isa = PBXFileReference; lastKnownFileType = sourcecode.swift; path = "Date+WeekDay.swift"; sourceTree = "<group>"; };
		8E5D3F5C2914D02D00914FC1 /* EventKitService.swift */ = {isa = PBXFileReference; lastKnownFileType = sourcecode.swift; path = EventKitService.swift; sourceTree = "<group>"; };
		8E5D3F5E2914DBFD00914FC1 /* EkEventKitServiceTests.swift */ = {isa = PBXFileReference; lastKnownFileType = sourcecode.swift; path = EkEventKitServiceTests.swift; sourceTree = "<group>"; };
		8EC89947291EB7170061C992 /* EventDetailView.swift */ = {isa = PBXFileReference; lastKnownFileType = sourcecode.swift; path = EventDetailView.swift; sourceTree = "<group>"; };
		8EC8994E291ED9A30061C992 /* KeyboardToolbar.swift */ = {isa = PBXFileReference; fileEncoding = 4; lastKnownFileType = sourcecode.swift; name = KeyboardToolbar.swift; path = ../../../multipleOS/MuslimCalender/Shared/ViewModifiers/KeyboardToolbar.swift; sourceTree = "<group>"; };
/* End PBXFileReference section */

/* Begin PBXFrameworksBuildPhase section */
		8E456F0129068AAE00FE1CE2 /* Frameworks */ = {
			isa = PBXFrameworksBuildPhase;
			buildActionMask = 2147483647;
			files = (
				8E484C91290832100026C90F /* Adhan in Frameworks */,
			);
			runOnlyForDeploymentPostprocessing = 0;
		};
		8E456F1729068AB000FE1CE2 /* Frameworks */ = {
			isa = PBXFrameworksBuildPhase;
			buildActionMask = 2147483647;
			files = (
			);
			runOnlyForDeploymentPostprocessing = 0;
		};
		8E456F2129068AB000FE1CE2 /* Frameworks */ = {
			isa = PBXFrameworksBuildPhase;
			buildActionMask = 2147483647;
			files = (
			);
			runOnlyForDeploymentPostprocessing = 0;
		};
/* End PBXFrameworksBuildPhase section */

/* Begin PBXGroup section */
		8E456EFB29068AAE00FE1CE2 = {
			isa = PBXGroup;
			children = (
				8E456F0629068AAE00FE1CE2 /* MuslimCalendar2 */,
				8E456F1D29068AB000FE1CE2 /* MuslimCalendar2Tests */,
				8E456F2729068AB000FE1CE2 /* MuslimCalendar2UITests */,
				8E456F0529068AAE00FE1CE2 /* Products */,
			);
			sourceTree = "<group>";
		};
		8E456F0529068AAE00FE1CE2 /* Products */ = {
			isa = PBXGroup;
			children = (
				8E456F0429068AAE00FE1CE2 /* MuslimCalendar2.app */,
				8E456F1A29068AB000FE1CE2 /* MuslimCalendar2Tests.xctest */,
				8E456F2429068AB000FE1CE2 /* MuslimCalendar2UITests.xctest */,
			);
			name = Products;
			sourceTree = "<group>";
		};
		8E456F0629068AAE00FE1CE2 /* MuslimCalendar2 */ = {
			isa = PBXGroup;
			children = (
				8E484CA529102D550026C90F /* Info.plist */,
				8E456F482906C7D200FE1CE2 /* Extentions */,
				8E456F3829068F7600FE1CE2 /* Services */,
				8E456F412906A7DA00FE1CE2 /* Model */,
				8E456F4B2906CD4C00FE1CE2 /* ViewModel */,
				8EC8994B291ED9420061C992 /* ViewModifiers */,
				8E456F3729068F6300FE1CE2 /* Views */,
				8E456F0729068AAE00FE1CE2 /* MuslimCalendar2App.swift */,
				8E456F1029068AB000FE1CE2 /* Assets.xcassets */,
				8E456F1229068AB000FE1CE2 /* MuslimCalendar2.entitlements */,
				8E456F0B29068AAE00FE1CE2 /* MuslimCalendar2.xcdatamodeld */,
				8E456F1329068AB000FE1CE2 /* Preview Content */,
			);
			path = MuslimCalendar2;
			sourceTree = "<group>";
		};
		8E456F1329068AB000FE1CE2 /* Preview Content */ = {
			isa = PBXGroup;
			children = (
				8E456F1429068AB000FE1CE2 /* Preview Assets.xcassets */,
			);
			path = "Preview Content";
			sourceTree = "<group>";
		};
		8E456F1D29068AB000FE1CE2 /* MuslimCalendar2Tests */ = {
			isa = PBXGroup;
			children = (
				8E456F1E29068AB000FE1CE2 /* MuslimCalendar2Tests.swift */,
				8E484CA62910DD970026C90F /* Date+Tests.swift */,
				8E5D3F5E2914DBFD00914FC1 /* EkEventKitServiceTests.swift */,
			);
			path = MuslimCalendar2Tests;
			sourceTree = "<group>";
		};
		8E456F2729068AB000FE1CE2 /* MuslimCalendar2UITests */ = {
			isa = PBXGroup;
			children = (
				8E456F2829068AB000FE1CE2 /* MuslimCalendar2UITests.swift */,
				8E456F2A29068AB000FE1CE2 /* MuslimCalendar2UITestsLaunchTests.swift */,
				8E3E7864291E45A600D23EF9 /* XCUIApplication+.swift */,
			);
			path = MuslimCalendar2UITests;
			sourceTree = "<group>";
		};
		8E456F3729068F6300FE1CE2 /* Views */ = {
			isa = PBXGroup;
			children = (
				8E456F3929068FC900FE1CE2 /* ScheduleView.swift */,
				8E456F462906A91700FE1CE2 /* DaysView.swift */,
				8E456F442906A85B00FE1CE2 /* ScheduleItemsView.swift */,
				8E456F3B2906A17800FE1CE2 /* PrayerCardView.swift */,
				8E456F3D2906A61200FE1CE2 /* EventCardView.swift */,
				8EC89947291EB7170061C992 /* EventDetailView.swift */,
				8E456F3F2906A67300FE1CE2 /* AvailableTimeCardView.swift */,
				8E484C9A290882310026C90F /* ScheduleItemToolbarView.swift */,
				8E484C9C29097E860026C90F /* DurationPicker.swift */,
				8E456F0E29068AAE00FE1CE2 /* ContentView.swift */,
				8E3E8C75292187BA007A77D6 /* CityView.swift */,
				8E3E8C77292187C9007A77D6 /* SettingsView.swift */,
			);
			path = Views;
			sourceTree = "<group>";
		};
		8E456F3829068F7600FE1CE2 /* Services */ = {
			isa = PBXGroup;
			children = (
				8E456F0929068AAE00FE1CE2 /* Persistence.swift */,
				8E484C8D2907F45E0026C90F /* LocationService.swift */,
				8E484C9829086D7D0026C90F /* PrayerCalculatorService.swift */,
				8E5D3F5C2914D02D00914FC1 /* EventKitService.swift */,
				8E3E8C7129214A31007A77D6 /* BackGroundTask.swift */,
				8E0AE9E12927DEA7009394D5 /* PlacemarkService.swift */,
			);
			path = Services;
			sourceTree = "<group>";
		};
		8E456F412906A7DA00FE1CE2 /* Model */ = {
			isa = PBXGroup;
			children = (
				8E456F422906A80600FE1CE2 /* ScheduleItme.swift */,
				8E456F4E2906CDFD00FE1CE2 /* WeekDay.swift */,
				8E484C92290832270026C90F /* PrayerCalculation.swift */,
				8E3E8C7329216D11007A77D6 /* Settings.swift */,
			);
			path = Model;
			sourceTree = "<group>";
		};
		8E456F482906C7D200FE1CE2 /* Extentions */ = {
			isa = PBXGroup;
			children = (
				8E3E8C7929229613007A77D6 /* View+Focus.swift */,
				8E456F492906C7EC00FE1CE2 /* Date+.swift */,
				8E484C8B2907E6470026C90F /* TimeInterval+.swift */,
				8E484CA0290AF7410026C90F /* CoreData+ScheduledItem.swift */,
				8E3E8C7B2922BCBE007A77D6 /* EventKit+ScheduleItem.swift */,
				8E484C9629083CA40026C90F /* PrayerCalculation+ScheduleItem.swift */,
				8E5D3F5A29143CF200914FC1 /* Date+WeekDay.swift */,
			);
			path = Extentions;
			sourceTree = "<group>";
		};
		8E456F4B2906CD4C00FE1CE2 /* ViewModel */ = {
			isa = PBXGroup;
			children = (
				8E456F4C2906CD9000FE1CE2 /* ScheduleViewModel.swift */,
				8E484C9E290A782A0026C90F /* EventViewModel.swift */,
			);
			path = ViewModel;
			sourceTree = "<group>";
		};
		8EC8994B291ED9420061C992 /* ViewModifiers */ = {
			isa = PBXGroup;
			children = (
				8EC8994E291ED9A30061C992 /* KeyboardToolbar.swift */,
			);
			path = ViewModifiers;
			sourceTree = "<group>";
		};
/* End PBXGroup section */

/* Begin PBXNativeTarget section */
		8E456F0329068AAE00FE1CE2 /* MuslimCalendar2 */ = {
			isa = PBXNativeTarget;
			buildConfigurationList = 8E456F2E29068AB000FE1CE2 /* Build configuration list for PBXNativeTarget "MuslimCalendar2" */;
			buildPhases = (
				8E456F0029068AAE00FE1CE2 /* Sources */,
				8E456F0129068AAE00FE1CE2 /* Frameworks */,
				8E456F0229068AAE00FE1CE2 /* Resources */,
			);
			buildRules = (
			);
			dependencies = (
			);
			name = MuslimCalendar2;
			packageProductDependencies = (
				8E484C90290832100026C90F /* Adhan */,
			);
			productName = MuslimCalendar2;
			productReference = 8E456F0429068AAE00FE1CE2 /* MuslimCalendar2.app */;
			productType = "com.apple.product-type.application";
		};
		8E456F1929068AB000FE1CE2 /* MuslimCalendar2Tests */ = {
			isa = PBXNativeTarget;
			buildConfigurationList = 8E456F3129068AB000FE1CE2 /* Build configuration list for PBXNativeTarget "MuslimCalendar2Tests" */;
			buildPhases = (
				8E456F1629068AB000FE1CE2 /* Sources */,
				8E456F1729068AB000FE1CE2 /* Frameworks */,
				8E456F1829068AB000FE1CE2 /* Resources */,
			);
			buildRules = (
			);
			dependencies = (
				8E456F1C29068AB000FE1CE2 /* PBXTargetDependency */,
			);
			name = MuslimCalendar2Tests;
			productName = MuslimCalendar2Tests;
			productReference = 8E456F1A29068AB000FE1CE2 /* MuslimCalendar2Tests.xctest */;
			productType = "com.apple.product-type.bundle.unit-test";
		};
		8E456F2329068AB000FE1CE2 /* MuslimCalendar2UITests */ = {
			isa = PBXNativeTarget;
			buildConfigurationList = 8E456F3429068AB000FE1CE2 /* Build configuration list for PBXNativeTarget "MuslimCalendar2UITests" */;
			buildPhases = (
				8E456F2029068AB000FE1CE2 /* Sources */,
				8E456F2129068AB000FE1CE2 /* Frameworks */,
				8E456F2229068AB000FE1CE2 /* Resources */,
			);
			buildRules = (
			);
			dependencies = (
				8E456F2629068AB000FE1CE2 /* PBXTargetDependency */,
			);
			name = MuslimCalendar2UITests;
			productName = MuslimCalendar2UITests;
			productReference = 8E456F2429068AB000FE1CE2 /* MuslimCalendar2UITests.xctest */;
			productType = "com.apple.product-type.bundle.ui-testing";
		};
/* End PBXNativeTarget section */

/* Begin PBXProject section */
		8E456EFC29068AAE00FE1CE2 /* Project object */ = {
			isa = PBXProject;
			attributes = {
				BuildIndependentTargetsInParallel = 1;
				LastSwiftUpdateCheck = 1400;
				LastUpgradeCheck = 1400;
				TargetAttributes = {
					8E456F0329068AAE00FE1CE2 = {
						CreatedOnToolsVersion = 14.0.1;
					};
					8E456F1929068AB000FE1CE2 = {
						CreatedOnToolsVersion = 14.0.1;
						TestTargetID = 8E456F0329068AAE00FE1CE2;
					};
					8E456F2329068AB000FE1CE2 = {
						CreatedOnToolsVersion = 14.0.1;
						TestTargetID = 8E456F0329068AAE00FE1CE2;
					};
				};
			};
			buildConfigurationList = 8E456EFF29068AAE00FE1CE2 /* Build configuration list for PBXProject "MuslimCalendar2" */;
			compatibilityVersion = "Xcode 14.0";
			developmentRegion = en;
			hasScannedForEncodings = 0;
			knownRegions = (
				en,
				Base,
			);
			mainGroup = 8E456EFB29068AAE00FE1CE2;
			packageReferences = (
				8E484C8F290832100026C90F /* XCRemoteSwiftPackageReference "adhan-swift" */,
			);
			productRefGroup = 8E456F0529068AAE00FE1CE2 /* Products */;
			projectDirPath = "";
			projectRoot = "";
			targets = (
				8E456F0329068AAE00FE1CE2 /* MuslimCalendar2 */,
				8E456F1929068AB000FE1CE2 /* MuslimCalendar2Tests */,
				8E456F2329068AB000FE1CE2 /* MuslimCalendar2UITests */,
			);
		};
/* End PBXProject section */

/* Begin PBXResourcesBuildPhase section */
		8E456F0229068AAE00FE1CE2 /* Resources */ = {
			isa = PBXResourcesBuildPhase;
			buildActionMask = 2147483647;
			files = (
				8E456F1529068AB000FE1CE2 /* Preview Assets.xcassets in Resources */,
				8E456F1129068AB000FE1CE2 /* Assets.xcassets in Resources */,
			);
			runOnlyForDeploymentPostprocessing = 0;
		};
		8E456F1829068AB000FE1CE2 /* Resources */ = {
			isa = PBXResourcesBuildPhase;
			buildActionMask = 2147483647;
			files = (
			);
			runOnlyForDeploymentPostprocessing = 0;
		};
		8E456F2229068AB000FE1CE2 /* Resources */ = {
			isa = PBXResourcesBuildPhase;
			buildActionMask = 2147483647;
			files = (
			);
			runOnlyForDeploymentPostprocessing = 0;
		};
/* End PBXResourcesBuildPhase section */

/* Begin PBXSourcesBuildPhase section */
		8E456F0029068AAE00FE1CE2 /* Sources */ = {
			isa = PBXSourcesBuildPhase;
			buildActionMask = 2147483647;
			files = (
				8E3E8C7229214A31007A77D6 /* BackGroundTask.swift in Sources */,
				8E456F4F2906CDFD00FE1CE2 /* WeekDay.swift in Sources */,
				8E3E8C7429216D11007A77D6 /* Settings.swift in Sources */,
				8E5D3F5D2914D02D00914FC1 /* EventKitService.swift in Sources */,
				8E484C8C2907E6470026C90F /* TimeInterval+.swift in Sources */,
				8E3E8C76292187BA007A77D6 /* CityView.swift in Sources */,
				8E484C9B290882310026C90F /* ScheduleItemToolbarView.swift in Sources */,
				8E484C9F290A782A0026C90F /* EventViewModel.swift in Sources */,
				8E0AE9E22927DEA7009394D5 /* PlacemarkService.swift in Sources */,
				8E456F402906A67300FE1CE2 /* AvailableTimeCardView.swift in Sources */,
				8E456F3E2906A61200FE1CE2 /* EventCardView.swift in Sources */,
				8E456F452906A85B00FE1CE2 /* ScheduleItemsView.swift in Sources */,
				8E456F4A2906C7EC00FE1CE2 /* Date+.swift in Sources */,
				8E456F3A29068FC900FE1CE2 /* ScheduleView.swift in Sources */,
				8E3E8C7C2922BCBE007A77D6 /* EventKit+ScheduleItem.swift in Sources */,
				8E456F0829068AAE00FE1CE2 /* MuslimCalendar2App.swift in Sources */,
				8E456F432906A80600FE1CE2 /* ScheduleItme.swift in Sources */,
				8E484C9929086D7D0026C90F /* PrayerCalculatorService.swift in Sources */,
				8E456F0A29068AAE00FE1CE2 /* Persistence.swift in Sources */,
				8E3E8C7A29229613007A77D6 /* View+Focus.swift in Sources */,
				8EC89948291EB7180061C992 /* EventDetailView.swift in Sources */,
				8E5D3F5B29143CF200914FC1 /* Date+WeekDay.swift in Sources */,
				8E3E8C78292187C9007A77D6 /* SettingsView.swift in Sources */,
				8E484C8E2907F45F0026C90F /* LocationService.swift in Sources */,
				8E484CA1290AF7410026C90F /* CoreData+ScheduledItem.swift in Sources */,
				8E484C9729083CA40026C90F /* PrayerCalculation+ScheduleItem.swift in Sources */,
				8E456F472906A91700FE1CE2 /* DaysView.swift in Sources */,
				8E456F0F29068AAE00FE1CE2 /* ContentView.swift in Sources */,
				8E456F0D29068AAE00FE1CE2 /* MuslimCalendar2.xcdatamodeld in Sources */,
				8EC8994F291ED9A30061C992 /* KeyboardToolbar.swift in Sources */,
				8E484C9D29097E860026C90F /* DurationPicker.swift in Sources */,
				8E456F4D2906CD9000FE1CE2 /* ScheduleViewModel.swift in Sources */,
				8E484C93290832270026C90F /* PrayerCalculation.swift in Sources */,
				8E456F3C2906A17800FE1CE2 /* PrayerCardView.swift in Sources */,
			);
			runOnlyForDeploymentPostprocessing = 0;
		};
		8E456F1629068AB000FE1CE2 /* Sources */ = {
			isa = PBXSourcesBuildPhase;
			buildActionMask = 2147483647;
			files = (
				8E5D3F5F2914DBFD00914FC1 /* EkEventKitServiceTests.swift in Sources */,
				8E456F1F29068AB000FE1CE2 /* MuslimCalendar2Tests.swift in Sources */,
				8E484CA72910DD970026C90F /* Date+Tests.swift in Sources */,
			);
			runOnlyForDeploymentPostprocessing = 0;
		};
		8E456F2029068AB000FE1CE2 /* Sources */ = {
			isa = PBXSourcesBuildPhase;
			buildActionMask = 2147483647;
			files = (
				8E456F2B29068AB000FE1CE2 /* MuslimCalendar2UITestsLaunchTests.swift in Sources */,
				8E3E7865291E45A600D23EF9 /* XCUIApplication+.swift in Sources */,
				8E456F2929068AB000FE1CE2 /* MuslimCalendar2UITests.swift in Sources */,
			);
			runOnlyForDeploymentPostprocessing = 0;
		};
/* End PBXSourcesBuildPhase section */

/* Begin PBXTargetDependency section */
		8E456F1C29068AB000FE1CE2 /* PBXTargetDependency */ = {
			isa = PBXTargetDependency;
			target = 8E456F0329068AAE00FE1CE2 /* MuslimCalendar2 */;
			targetProxy = 8E456F1B29068AB000FE1CE2 /* PBXContainerItemProxy */;
		};
		8E456F2629068AB000FE1CE2 /* PBXTargetDependency */ = {
			isa = PBXTargetDependency;
			target = 8E456F0329068AAE00FE1CE2 /* MuslimCalendar2 */;
			targetProxy = 8E456F2529068AB000FE1CE2 /* PBXContainerItemProxy */;
		};
/* End PBXTargetDependency section */

/* Begin XCBuildConfiguration section */
		8E456F2C29068AB000FE1CE2 /* Debug */ = {
			isa = XCBuildConfiguration;
			buildSettings = {
				ALWAYS_SEARCH_USER_PATHS = NO;
				CLANG_ANALYZER_NONNULL = YES;
				CLANG_ANALYZER_NUMBER_OBJECT_CONVERSION = YES_AGGRESSIVE;
				CLANG_CXX_LANGUAGE_STANDARD = "gnu++20";
				CLANG_ENABLE_MODULES = YES;
				CLANG_ENABLE_OBJC_ARC = YES;
				CLANG_ENABLE_OBJC_WEAK = YES;
				CLANG_WARN_BLOCK_CAPTURE_AUTORELEASING = YES;
				CLANG_WARN_BOOL_CONVERSION = YES;
				CLANG_WARN_COMMA = YES;
				CLANG_WARN_CONSTANT_CONVERSION = YES;
				CLANG_WARN_DEPRECATED_OBJC_IMPLEMENTATIONS = YES;
				CLANG_WARN_DIRECT_OBJC_ISA_USAGE = YES_ERROR;
				CLANG_WARN_DOCUMENTATION_COMMENTS = YES;
				CLANG_WARN_EMPTY_BODY = YES;
				CLANG_WARN_ENUM_CONVERSION = YES;
				CLANG_WARN_INFINITE_RECURSION = YES;
				CLANG_WARN_INT_CONVERSION = YES;
				CLANG_WARN_NON_LITERAL_NULL_CONVERSION = YES;
				CLANG_WARN_OBJC_IMPLICIT_RETAIN_SELF = YES;
				CLANG_WARN_OBJC_LITERAL_CONVERSION = YES;
				CLANG_WARN_OBJC_ROOT_CLASS = YES_ERROR;
				CLANG_WARN_QUOTED_INCLUDE_IN_FRAMEWORK_HEADER = YES;
				CLANG_WARN_RANGE_LOOP_ANALYSIS = YES;
				CLANG_WARN_STRICT_PROTOTYPES = YES;
				CLANG_WARN_SUSPICIOUS_MOVE = YES;
				CLANG_WARN_UNGUARDED_AVAILABILITY = YES_AGGRESSIVE;
				CLANG_WARN_UNREACHABLE_CODE = YES;
				CLANG_WARN__DUPLICATE_METHOD_MATCH = YES;
				COPY_PHASE_STRIP = NO;
				DEBUG_INFORMATION_FORMAT = dwarf;
				ENABLE_STRICT_OBJC_MSGSEND = YES;
				ENABLE_TESTABILITY = YES;
				GCC_C_LANGUAGE_STANDARD = gnu11;
				GCC_DYNAMIC_NO_PIC = NO;
				GCC_NO_COMMON_BLOCKS = YES;
				GCC_OPTIMIZATION_LEVEL = 0;
				GCC_PREPROCESSOR_DEFINITIONS = (
					"DEBUG=1",
					"$(inherited)",
				);
				GCC_WARN_64_TO_32_BIT_CONVERSION = YES;
				GCC_WARN_ABOUT_RETURN_TYPE = YES_ERROR;
				GCC_WARN_UNDECLARED_SELECTOR = YES;
				GCC_WARN_UNINITIALIZED_AUTOS = YES_AGGRESSIVE;
				GCC_WARN_UNUSED_FUNCTION = YES;
				GCC_WARN_UNUSED_VARIABLE = YES;
				MTL_ENABLE_DEBUG_INFO = INCLUDE_SOURCE;
				MTL_FAST_MATH = YES;
				ONLY_ACTIVE_ARCH = YES;
				SWIFT_ACTIVE_COMPILATION_CONDITIONS = DEBUG;
				SWIFT_OPTIMIZATION_LEVEL = "-Onone";
			};
			name = Debug;
		};
		8E456F2D29068AB000FE1CE2 /* Release */ = {
			isa = XCBuildConfiguration;
			buildSettings = {
				ALWAYS_SEARCH_USER_PATHS = NO;
				CLANG_ANALYZER_NONNULL = YES;
				CLANG_ANALYZER_NUMBER_OBJECT_CONVERSION = YES_AGGRESSIVE;
				CLANG_CXX_LANGUAGE_STANDARD = "gnu++20";
				CLANG_ENABLE_MODULES = YES;
				CLANG_ENABLE_OBJC_ARC = YES;
				CLANG_ENABLE_OBJC_WEAK = YES;
				CLANG_WARN_BLOCK_CAPTURE_AUTORELEASING = YES;
				CLANG_WARN_BOOL_CONVERSION = YES;
				CLANG_WARN_COMMA = YES;
				CLANG_WARN_CONSTANT_CONVERSION = YES;
				CLANG_WARN_DEPRECATED_OBJC_IMPLEMENTATIONS = YES;
				CLANG_WARN_DIRECT_OBJC_ISA_USAGE = YES_ERROR;
				CLANG_WARN_DOCUMENTATION_COMMENTS = YES;
				CLANG_WARN_EMPTY_BODY = YES;
				CLANG_WARN_ENUM_CONVERSION = YES;
				CLANG_WARN_INFINITE_RECURSION = YES;
				CLANG_WARN_INT_CONVERSION = YES;
				CLANG_WARN_NON_LITERAL_NULL_CONVERSION = YES;
				CLANG_WARN_OBJC_IMPLICIT_RETAIN_SELF = YES;
				CLANG_WARN_OBJC_LITERAL_CONVERSION = YES;
				CLANG_WARN_OBJC_ROOT_CLASS = YES_ERROR;
				CLANG_WARN_QUOTED_INCLUDE_IN_FRAMEWORK_HEADER = YES;
				CLANG_WARN_RANGE_LOOP_ANALYSIS = YES;
				CLANG_WARN_STRICT_PROTOTYPES = YES;
				CLANG_WARN_SUSPICIOUS_MOVE = YES;
				CLANG_WARN_UNGUARDED_AVAILABILITY = YES_AGGRESSIVE;
				CLANG_WARN_UNREACHABLE_CODE = YES;
				CLANG_WARN__DUPLICATE_METHOD_MATCH = YES;
				COPY_PHASE_STRIP = NO;
				DEBUG_INFORMATION_FORMAT = "dwarf-with-dsym";
				ENABLE_NS_ASSERTIONS = NO;
				ENABLE_STRICT_OBJC_MSGSEND = YES;
				GCC_C_LANGUAGE_STANDARD = gnu11;
				GCC_NO_COMMON_BLOCKS = YES;
				GCC_WARN_64_TO_32_BIT_CONVERSION = YES;
				GCC_WARN_ABOUT_RETURN_TYPE = YES_ERROR;
				GCC_WARN_UNDECLARED_SELECTOR = YES;
				GCC_WARN_UNINITIALIZED_AUTOS = YES_AGGRESSIVE;
				GCC_WARN_UNUSED_FUNCTION = YES;
				GCC_WARN_UNUSED_VARIABLE = YES;
				MTL_ENABLE_DEBUG_INFO = NO;
				MTL_FAST_MATH = YES;
				SWIFT_COMPILATION_MODE = wholemodule;
				SWIFT_OPTIMIZATION_LEVEL = "-O";
			};
			name = Release;
		};
		8E456F2F29068AB000FE1CE2 /* Debug */ = {
			isa = XCBuildConfiguration;
			buildSettings = {
				ASSETCATALOG_COMPILER_APPICON_NAME = AppIcon;
				ASSETCATALOG_COMPILER_GLOBAL_ACCENT_COLOR_NAME = AccentColor;
				CODE_SIGN_ENTITLEMENTS = MuslimCalendar2/MuslimCalendar2.entitlements;
				"CODE_SIGN_IDENTITY[sdk=macosx*]" = "-";
				CODE_SIGN_STYLE = Automatic;
				CURRENT_PROJECT_VERSION = 2;
				DEVELOPMENT_ASSET_PATHS = "\"MuslimCalendar2/Preview Content\"";
				DEVELOPMENT_TEAM = QQ583WNZSB;
				ENABLE_HARDENED_RUNTIME = YES;
				ENABLE_PREVIEWS = YES;
				GENERATE_INFOPLIST_FILE = YES;
				INFOPLIST_FILE = MuslimCalendar2/Info.plist;
				INFOPLIST_KEY_CFBundleDisplayName = "Muslim Planner";
				INFOPLIST_KEY_LSApplicationCategoryType = "public.app-category.productivity";
				INFOPLIST_KEY_NSCalendarsUsageDescription = "Create events on the Calendar.";
				INFOPLIST_KEY_NSLocationWhenInUseUsageDescription = "The location is used to calculate prayer times";
				INFOPLIST_KEY_NSRemindersUsageDescription = "Set reminders for events.";
				"INFOPLIST_KEY_UIApplicationSceneManifest_Generation[sdk=iphoneos*]" = YES;
				"INFOPLIST_KEY_UIApplicationSceneManifest_Generation[sdk=iphonesimulator*]" = YES;
				"INFOPLIST_KEY_UIApplicationSupportsIndirectInputEvents[sdk=iphoneos*]" = YES;
				"INFOPLIST_KEY_UIApplicationSupportsIndirectInputEvents[sdk=iphonesimulator*]" = YES;
				"INFOPLIST_KEY_UILaunchScreen_Generation[sdk=iphoneos*]" = YES;
				"INFOPLIST_KEY_UILaunchScreen_Generation[sdk=iphonesimulator*]" = YES;
				"INFOPLIST_KEY_UIStatusBarStyle[sdk=iphoneos*]" = UIStatusBarStyleDefault;
				"INFOPLIST_KEY_UIStatusBarStyle[sdk=iphonesimulator*]" = UIStatusBarStyleDefault;
				INFOPLIST_KEY_UISupportedInterfaceOrientations = UIInterfaceOrientationPortrait;
				IPHONEOS_DEPLOYMENT_TARGET = 15.0;
				LD_RUNPATH_SEARCH_PATHS = "@executable_path/Frameworks";
				"LD_RUNPATH_SEARCH_PATHS[sdk=macosx*]" = "@executable_path/../Frameworks";
				MACOSX_DEPLOYMENT_TARGET = 12.3;
				MARKETING_VERSION = 0.1.0;
				PRODUCT_BUNDLE_IDENTIFIER = team.aiops.MuslimCalendar;
				PRODUCT_NAME = "$(TARGET_NAME)";
				SDKROOT = auto;
				SUPPORTED_PLATFORMS = "iphoneos iphonesimulator";
				SUPPORTS_MACCATALYST = NO;
				SUPPORTS_MAC_DESIGNED_FOR_IPHONE_IPAD = NO;
				SWIFT_EMIT_LOC_STRINGS = YES;
				SWIFT_VERSION = 5.0;
				TARGETED_DEVICE_FAMILY = 1;
			};
			name = Debug;
		};
		8E456F3029068AB000FE1CE2 /* Release */ = {
			isa = XCBuildConfiguration;
			buildSettings = {
				ASSETCATALOG_COMPILER_APPICON_NAME = AppIcon;
				ASSETCATALOG_COMPILER_GLOBAL_ACCENT_COLOR_NAME = AccentColor;
				CODE_SIGN_ENTITLEMENTS = MuslimCalendar2/MuslimCalendar2.entitlements;
				"CODE_SIGN_IDENTITY[sdk=macosx*]" = "-";
				CODE_SIGN_STYLE = Automatic;
				CURRENT_PROJECT_VERSION = 2;
				DEVELOPMENT_ASSET_PATHS = "\"MuslimCalendar2/Preview Content\"";
				DEVELOPMENT_TEAM = QQ583WNZSB;
				ENABLE_HARDENED_RUNTIME = YES;
				ENABLE_PREVIEWS = YES;
				GENERATE_INFOPLIST_FILE = YES;
				INFOPLIST_FILE = MuslimCalendar2/Info.plist;
				INFOPLIST_KEY_CFBundleDisplayName = "Muslim Planner";
				INFOPLIST_KEY_LSApplicationCategoryType = "public.app-category.productivity";
				INFOPLIST_KEY_NSCalendarsUsageDescription = "Create events on the Calendar.";
				INFOPLIST_KEY_NSLocationWhenInUseUsageDescription = "The location is used to calculate prayer times";
				INFOPLIST_KEY_NSRemindersUsageDescription = "Set reminders for events.";
				"INFOPLIST_KEY_UIApplicationSceneManifest_Generation[sdk=iphoneos*]" = YES;
				"INFOPLIST_KEY_UIApplicationSceneManifest_Generation[sdk=iphonesimulator*]" = YES;
				"INFOPLIST_KEY_UIApplicationSupportsIndirectInputEvents[sdk=iphoneos*]" = YES;
				"INFOPLIST_KEY_UIApplicationSupportsIndirectInputEvents[sdk=iphonesimulator*]" = YES;
				"INFOPLIST_KEY_UILaunchScreen_Generation[sdk=iphoneos*]" = YES;
				"INFOPLIST_KEY_UILaunchScreen_Generation[sdk=iphonesimulator*]" = YES;
				"INFOPLIST_KEY_UIStatusBarStyle[sdk=iphoneos*]" = UIStatusBarStyleDefault;
				"INFOPLIST_KEY_UIStatusBarStyle[sdk=iphonesimulator*]" = UIStatusBarStyleDefault;
				INFOPLIST_KEY_UISupportedInterfaceOrientations = UIInterfaceOrientationPortrait;
				IPHONEOS_DEPLOYMENT_TARGET = 15.0;
				LD_RUNPATH_SEARCH_PATHS = "@executable_path/Frameworks";
				"LD_RUNPATH_SEARCH_PATHS[sdk=macosx*]" = "@executable_path/../Frameworks";
				MACOSX_DEPLOYMENT_TARGET = 12.3;
				MARKETING_VERSION = 0.1.0;
				PRODUCT_BUNDLE_IDENTIFIER = team.aiops.MuslimCalendar;
				PRODUCT_NAME = "$(TARGET_NAME)";
				SDKROOT = auto;
				SUPPORTED_PLATFORMS = "iphoneos iphonesimulator";
				SUPPORTS_MACCATALYST = NO;
				SUPPORTS_MAC_DESIGNED_FOR_IPHONE_IPAD = NO;
				SWIFT_EMIT_LOC_STRINGS = YES;
				SWIFT_VERSION = 5.0;
				TARGETED_DEVICE_FAMILY = 1;
			};
			name = Release;
		};
		8E456F3229068AB000FE1CE2 /* Debug */ = {
			isa = XCBuildConfiguration;
			buildSettings = {
				ALWAYS_EMBED_SWIFT_STANDARD_LIBRARIES = YES;
				BUNDLE_LOADER = "$(TEST_HOST)";
				CODE_SIGN_STYLE = Automatic;
				CURRENT_PROJECT_VERSION = 1;
				DEVELOPMENT_TEAM = QQ583WNZSB;
				GENERATE_INFOPLIST_FILE = YES;
				IPHONEOS_DEPLOYMENT_TARGET = 16.0;
				MACOSX_DEPLOYMENT_TARGET = 12.3;
				MARKETING_VERSION = 1.0;
				PRODUCT_BUNDLE_IDENTIFIER = team.aiops.MuslimCalendar2Tests;
				PRODUCT_NAME = "$(TARGET_NAME)";
				SDKROOT = auto;
				SUPPORTED_PLATFORMS = "iphoneos iphonesimulator macosx";
				SWIFT_EMIT_LOC_STRINGS = NO;
				SWIFT_VERSION = 5.0;
				TARGETED_DEVICE_FAMILY = "1,2";
				TEST_HOST = "$(BUILT_PRODUCTS_DIR)/MuslimCalendar2.app/$(BUNDLE_EXECUTABLE_FOLDER_PATH)/MuslimCalendar2";
			};
			name = Debug;
		};
		8E456F3329068AB000FE1CE2 /* Release */ = {
			isa = XCBuildConfiguration;
			buildSettings = {
				ALWAYS_EMBED_SWIFT_STANDARD_LIBRARIES = YES;
				BUNDLE_LOADER = "$(TEST_HOST)";
				CODE_SIGN_STYLE = Automatic;
				CURRENT_PROJECT_VERSION = 1;
				DEVELOPMENT_TEAM = QQ583WNZSB;
				GENERATE_INFOPLIST_FILE = YES;
				IPHONEOS_DEPLOYMENT_TARGET = 16.0;
				MACOSX_DEPLOYMENT_TARGET = 12.3;
				MARKETING_VERSION = 1.0;
				PRODUCT_BUNDLE_IDENTIFIER = team.aiops.MuslimCalendar2Tests;
				PRODUCT_NAME = "$(TARGET_NAME)";
				SDKROOT = auto;
				SUPPORTED_PLATFORMS = "iphoneos iphonesimulator macosx";
				SWIFT_EMIT_LOC_STRINGS = NO;
				SWIFT_VERSION = 5.0;
				TARGETED_DEVICE_FAMILY = "1,2";
				TEST_HOST = "$(BUILT_PRODUCTS_DIR)/MuslimCalendar2.app/$(BUNDLE_EXECUTABLE_FOLDER_PATH)/MuslimCalendar2";
			};
			name = Release;
		};
		8E456F3529068AB000FE1CE2 /* Debug */ = {
			isa = XCBuildConfiguration;
			buildSettings = {
				ALWAYS_EMBED_SWIFT_STANDARD_LIBRARIES = YES;
				CODE_SIGN_STYLE = Automatic;
				CURRENT_PROJECT_VERSION = 1;
				DEVELOPMENT_TEAM = QQ583WNZSB;
				GENERATE_INFOPLIST_FILE = YES;
				IPHONEOS_DEPLOYMENT_TARGET = 16.0;
				MACOSX_DEPLOYMENT_TARGET = 12.3;
				MARKETING_VERSION = 1.0;
				PRODUCT_BUNDLE_IDENTIFIER = team.aiops.MuslimCalendar2UITests;
				PRODUCT_NAME = "$(TARGET_NAME)";
				SDKROOT = auto;
				SUPPORTED_PLATFORMS = "iphoneos iphonesimulator macosx";
				SWIFT_EMIT_LOC_STRINGS = NO;
				SWIFT_VERSION = 5.0;
				TARGETED_DEVICE_FAMILY = "1,2";
				TEST_TARGET_NAME = MuslimCalendar2;
			};
			name = Debug;
		};
		8E456F3629068AB000FE1CE2 /* Release */ = {
			isa = XCBuildConfiguration;
			buildSettings = {
				ALWAYS_EMBED_SWIFT_STANDARD_LIBRARIES = YES;
				CODE_SIGN_STYLE = Automatic;
				CURRENT_PROJECT_VERSION = 1;
				DEVELOPMENT_TEAM = QQ583WNZSB;
				GENERATE_INFOPLIST_FILE = YES;
				IPHONEOS_DEPLOYMENT_TARGET = 16.0;
				MACOSX_DEPLOYMENT_TARGET = 12.3;
				MARKETING_VERSION = 1.0;
				PRODUCT_BUNDLE_IDENTIFIER = team.aiops.MuslimCalendar2UITests;
				PRODUCT_NAME = "$(TARGET_NAME)";
				SDKROOT = auto;
				SUPPORTED_PLATFORMS = "iphoneos iphonesimulator macosx";
				SWIFT_EMIT_LOC_STRINGS = NO;
				SWIFT_VERSION = 5.0;
				TARGETED_DEVICE_FAMILY = "1,2";
				TEST_TARGET_NAME = MuslimCalendar2;
			};
			name = Release;
		};
/* End XCBuildConfiguration section */

/* Begin XCConfigurationList section */
		8E456EFF29068AAE00FE1CE2 /* Build configuration list for PBXProject "MuslimCalendar2" */ = {
			isa = XCConfigurationList;
			buildConfigurations = (
				8E456F2C29068AB000FE1CE2 /* Debug */,
				8E456F2D29068AB000FE1CE2 /* Release */,
			);
			defaultConfigurationIsVisible = 0;
			defaultConfigurationName = Release;
		};
		8E456F2E29068AB000FE1CE2 /* Build configuration list for PBXNativeTarget "MuslimCalendar2" */ = {
			isa = XCConfigurationList;
			buildConfigurations = (
				8E456F2F29068AB000FE1CE2 /* Debug */,
				8E456F3029068AB000FE1CE2 /* Release */,
			);
			defaultConfigurationIsVisible = 0;
			defaultConfigurationName = Release;
		};
		8E456F3129068AB000FE1CE2 /* Build configuration list for PBXNativeTarget "MuslimCalendar2Tests" */ = {
			isa = XCConfigurationList;
			buildConfigurations = (
				8E456F3229068AB000FE1CE2 /* Debug */,
				8E456F3329068AB000FE1CE2 /* Release */,
			);
			defaultConfigurationIsVisible = 0;
			defaultConfigurationName = Release;
		};
		8E456F3429068AB000FE1CE2 /* Build configuration list for PBXNativeTarget "MuslimCalendar2UITests" */ = {
			isa = XCConfigurationList;
			buildConfigurations = (
				8E456F3529068AB000FE1CE2 /* Debug */,
				8E456F3629068AB000FE1CE2 /* Release */,
			);
			defaultConfigurationIsVisible = 0;
			defaultConfigurationName = Release;
		};
/* End XCConfigurationList section */

/* Begin XCRemoteSwiftPackageReference section */
		8E484C8F290832100026C90F /* XCRemoteSwiftPackageReference "adhan-swift" */ = {
			isa = XCRemoteSwiftPackageReference;
			repositoryURL = "https://github.com/batoulapps/adhan-swift";
			requirement = {
				kind = upToNextMajorVersion;
				minimumVersion = 1.0.0;
			};
		};
/* End XCRemoteSwiftPackageReference section */

/* Begin XCSwiftPackageProductDependency section */
		8E484C90290832100026C90F /* Adhan */ = {
			isa = XCSwiftPackageProductDependency;
			package = 8E484C8F290832100026C90F /* XCRemoteSwiftPackageReference "adhan-swift" */;
			productName = Adhan;
		};
/* End XCSwiftPackageProductDependency section */

/* Begin XCVersionGroup section */
		8E456F0B29068AAE00FE1CE2 /* MuslimCalendar2.xcdatamodeld */ = {
			isa = XCVersionGroup;
			children = (
				8E456F0C29068AAE00FE1CE2 /* MuslimCalendar2.xcdatamodel */,
			);
			currentVersion = 8E456F0C29068AAE00FE1CE2 /* MuslimCalendar2.xcdatamodel */;
			path = MuslimCalendar2.xcdatamodeld;
			sourceTree = "<group>";
			versionGroupType = wrapper.xcdatamodel;
		};
/* End XCVersionGroup section */
	};
	rootObject = 8E456EFC29068AAE00FE1CE2 /* Project object */;
}
